// !$*UTF8*$!
{
	archiveVersion = 1;
	classes = {
	};
	objectVersion = 42;
	objects = {

/* Begin PBXBuildFile section */
		3A127B570AEA7341007E60ED /* PFFlickrProvider.h in Headers */ = {isa = PBXBuildFile; fileRef = 3A127B550AEA7341007E60ED /* PFFlickrProvider.h */; };
		3A127B580AEA7341007E60ED /* PFFlickrProvider.m in Sources */ = {isa = PBXBuildFile; fileRef = 3A127B560AEA7341007E60ED /* PFFlickrProvider.m */; };
		3A127B590AEA7341007E60ED /* PFFlickrProvider.m in Sources */ = {isa = PBXBuildFile; fileRef = 3A127B560AEA7341007E60ED /* PFFlickrProvider.m */; };
		3A2C3EF70AE4342700970E7C /* PFProvider.h in Headers */ = {isa = PBXBuildFile; fileRef = 3A2C3EF50AE4342700970E7C /* PFProvider.h */; };
		3A2C3EF80AE4342700970E7C /* PFProvider.m in Sources */ = {isa = PBXBuildFile; fileRef = 3A2C3EF60AE4342700970E7C /* PFProvider.m */; };
		3A2C40400AE4432D00970E7C /* PFQueue.m in Sources */ = {isa = PBXBuildFile; fileRef = 3A2C403E0AE4432D00970E7C /* PFQueue.m */; };
		3A2C40410AE4432D00970E7C /* PFQueue.h in Headers */ = {isa = PBXBuildFile; fileRef = 3A2C403F0AE4432D00970E7C /* PFQueue.h */; };
		3A674FBF0AEAEBE50057912E /* ConfigureSheet.nib in Resources */ = {isa = PBXBuildFile; fileRef = 3A674FBE0AEAEBE50057912E /* ConfigureSheet.nib */; };
		3A674FC00AEAEBE50057912E /* ConfigureSheet.nib in Resources */ = {isa = PBXBuildFile; fileRef = 3A674FBE0AEAEBE50057912E /* ConfigureSheet.nib */; };
		3A6750080AEAED7D0057912E /* PFConfigureSheetController.h in Headers */ = {isa = PBXBuildFile; fileRef = 3A6750060AEAED7D0057912E /* PFConfigureSheetController.h */; };
		3A6750090AEAED7D0057912E /* PFConfigureSheetController.m in Sources */ = {isa = PBXBuildFile; fileRef = 3A6750070AEAED7D0057912E /* PFConfigureSheetController.m */; };
		3A67500A0AEAED7D0057912E /* PFConfigureSheetController.m in Sources */ = {isa = PBXBuildFile; fileRef = 3A6750070AEAED7D0057912E /* PFConfigureSheetController.m */; };
		3A8F91670AE571960027DC3B /* PFProvider.m in Sources */ = {isa = PBXBuildFile; fileRef = 3A2C3EF60AE4342700970E7C /* PFProvider.m */; };
		3A8F91680AE571960027DC3B /* PFQueue.m in Sources */ = {isa = PBXBuildFile; fileRef = 3A2C403E0AE4432D00970E7C /* PFQueue.m */; };
		3A8F91690AE571960027DC3B /* PFScreenSaverView.m in Sources */ = {isa = PBXBuildFile; fileRef = F500797A0118B23001CA0E54 /* PFScreenSaverView.m */; };
		3A8F916A0AE5719A0027DC3B /* Cocoa.framework in Frameworks */ = {isa = PBXBuildFile; fileRef = 1058C7ADFEA557BF11CA2CBB /* Cocoa.framework */; };
		3A8F916D0AE5719B0027DC3B /* ScreenSaver.framework in Frameworks */ = {isa = PBXBuildFile; fileRef = 06F27B2DFFEEEFEF11CA0E56 /* ScreenSaver.framework */; };
		3A8F91760AE571B30027DC3B /* TestApp.nib in Resources */ = {isa = PBXBuildFile; fileRef = 3A8F91750AE571B30027DC3B /* TestApp.nib */; };
		3A8F91790AE571C40027DC3B /* TestAppController.m in Sources */ = {isa = PBXBuildFile; fileRef = 3A8F91780AE571C40027DC3B /* TestAppController.m */; };
		3A8F918F0AE5721B0027DC3B /* TestApp_main.m in Sources */ = {isa = PBXBuildFile; fileRef = 3A8F918E0AE5721B0027DC3B /* TestApp_main.m */; };
		3A8F91B90AE5731E0027DC3B /* TestApp-Info.plist in Resources */ = {isa = PBXBuildFile; fileRef = 3A8F91B80AE5731E0027DC3B /* TestApp-Info.plist */; };
		3A8F92390AE578A50027DC3B /* PFText.m in Sources */ = {isa = PBXBuildFile; fileRef = 3A8F92380AE578A50027DC3B /* PFText.m */; };
		3A8F923A0AE578A50027DC3B /* PFText.m in Sources */ = {isa = PBXBuildFile; fileRef = 3A8F92380AE578A50027DC3B /* PFText.m */; };
		3A8F92400AE578E70027DC3B /* PFText.h in Headers */ = {isa = PBXBuildFile; fileRef = 3A8F923F0AE578E70027DC3B /* PFText.h */; };
		3AEF42F90AEA7BB80062B848 /* PFThreadedProvider.h in Headers */ = {isa = PBXBuildFile; fileRef = 3AEF42F70AEA7BB80062B848 /* PFThreadedProvider.h */; };
		3AEF42FA0AEA7BB80062B848 /* PFThreadedProvider.m in Sources */ = {isa = PBXBuildFile; fileRef = 3AEF42F80AEA7BB80062B848 /* PFThreadedProvider.m */; };
		3AEF42FB0AEA7BB80062B848 /* PFThreadedProvider.m in Sources */ = {isa = PBXBuildFile; fileRef = 3AEF42F80AEA7BB80062B848 /* PFThreadedProvider.m */; };
		8D255AC70486D3F9007BF209 /* prefix.pch in Headers */ = {isa = PBXBuildFile; fileRef = 32DBCFA80370C50100C91783 /* prefix.pch */; };
		8D255AC80486D3F9007BF209 /* PFScreenSaverView.h in Headers */ = {isa = PBXBuildFile; fileRef = F50079790118B23001CA0E54 /* PFScreenSaverView.h */; };
		8D255ACA0486D3F9007BF209 /* InfoPlist.strings in Resources */ = {isa = PBXBuildFile; fileRef = 089C167DFE841241C02AAC07 /* InfoPlist.strings */; };
		8D255ACC0486D3F9007BF209 /* PFScreenSaverView.m in Sources */ = {isa = PBXBuildFile; fileRef = F500797A0118B23001CA0E54 /* PFScreenSaverView.m */; };
		8D255ACE0486D3F9007BF209 /* Cocoa.framework in Frameworks */ = {isa = PBXBuildFile; fileRef = 1058C7ADFEA557BF11CA2CBB /* Cocoa.framework */; };
		8D255ACF0486D3F9007BF209 /* ScreenSaver.framework in Frameworks */ = {isa = PBXBuildFile; fileRef = 06F27B2DFFEEEFEF11CA0E56 /* ScreenSaver.framework */; };
		CDE1F80B0AEAC40D00D865FD /* PFGLRenderer.m in Sources */ = {isa = PBXBuildFile; fileRef = CDE1F80A0AEAC40D00D865FD /* PFGLRenderer.m */; };
		CDE1F80C0AEAC40D00D865FD /* PFGLRenderer.h in Headers */ = {isa = PBXBuildFile; fileRef = CDE1F8090AEAC40D00D865FD /* PFGLRenderer.h */; };
		CDE1F80D0AEAC40D00D865FD /* PFGLRenderer.m in Sources */ = {isa = PBXBuildFile; fileRef = CDE1F80A0AEAC40D00D865FD /* PFGLRenderer.m */; };
		CDE1F8260AEAC68000D865FD /* OpenGL.framework in Frameworks */ = {isa = PBXBuildFile; fileRef = CDE1F8150AEAC68000D865FD /* OpenGL.framework */; };
		CDE1F8270AEAC68000D865FD /* OpenGL.framework in Frameworks */ = {isa = PBXBuildFile; fileRef = CDE1F8150AEAC68000D865FD /* OpenGL.framework */; };
		CDE1F85D0AEAC93B00D865FD /* PFImage.h in Headers */ = {isa = PBXBuildFile; fileRef = CDE1F85B0AEAC93B00D865FD /* PFImage.h */; };
		CDE1F8D90AEACD0F00D865FD /* QuartzCore.framework in Frameworks */ = {isa = PBXBuildFile; fileRef = CDE1F8BB0AEACD0F00D865FD /* QuartzCore.framework */; };
		CDE1F8DA0AEACD0F00D865FD /* QuartzCore.framework in Frameworks */ = {isa = PBXBuildFile; fileRef = CDE1F8BB0AEACD0F00D865FD /* QuartzCore.framework */; };
/* End PBXBuildFile section */

/* Begin PBXFileReference section */
		06F27B2DFFEEEFEF11CA0E56 /* ScreenSaver.framework */ = {isa = PBXFileReference; lastKnownFileType = wrapper.framework; name = ScreenSaver.framework; path = /System/Library/Frameworks/ScreenSaver.framework; sourceTree = "<absolute>"; };
		089C1672FE841209C02AAC07 /* Foundation.framework */ = {isa = PBXFileReference; lastKnownFileType = wrapper.framework; name = Foundation.framework; path = /System/Library/Frameworks/Foundation.framework; sourceTree = "<absolute>"; };
		089C167EFE841241C02AAC07 /* English */ = {isa = PBXFileReference; fileEncoding = 10; lastKnownFileType = text.plist.strings; name = English; path = English.lproj/InfoPlist.strings; sourceTree = "<group>"; };
		089C167FFE841241C02AAC07 /* AppKit.framework */ = {isa = PBXFileReference; lastKnownFileType = wrapper.framework; name = AppKit.framework; path = /System/Library/Frameworks/AppKit.framework; sourceTree = "<absolute>"; };
		1058C7ADFEA557BF11CA2CBB /* Cocoa.framework */ = {isa = PBXFileReference; lastKnownFileType = wrapper.framework; name = Cocoa.framework; path = /System/Library/Frameworks/Cocoa.framework; sourceTree = "<absolute>"; };
		32DBCFA80370C50100C91783 /* prefix.pch */ = {isa = PBXFileReference; fileEncoding = 4; lastKnownFileType = sourcecode.c.h; path = prefix.pch; sourceTree = "<group>"; };
		3A127B550AEA7341007E60ED /* PFFlickrProvider.h */ = {isa = PBXFileReference; fileEncoding = 4; lastKnownFileType = sourcecode.c.h; path = PFFlickrProvider.h; sourceTree = "<group>"; };
		3A127B560AEA7341007E60ED /* PFFlickrProvider.m */ = {isa = PBXFileReference; fileEncoding = 4; lastKnownFileType = sourcecode.c.objc; path = PFFlickrProvider.m; sourceTree = "<group>"; };
		3A2C3EF50AE4342700970E7C /* PFProvider.h */ = {isa = PBXFileReference; fileEncoding = 4; lastKnownFileType = sourcecode.c.h; path = PFProvider.h; sourceTree = "<group>"; };
		3A2C3EF60AE4342700970E7C /* PFProvider.m */ = {isa = PBXFileReference; fileEncoding = 4; lastKnownFileType = sourcecode.c.objc; path = PFProvider.m; sourceTree = "<group>"; };
		3A2C403E0AE4432D00970E7C /* PFQueue.m */ = {isa = PBXFileReference; fileEncoding = 4; lastKnownFileType = sourcecode.c.objc; path = PFQueue.m; sourceTree = "<group>"; };
		3A2C403F0AE4432D00970E7C /* PFQueue.h */ = {isa = PBXFileReference; fileEncoding = 4; lastKnownFileType = sourcecode.c.h; path = PFQueue.h; sourceTree = "<group>"; };
		3A674FBE0AEAEBE50057912E /* ConfigureSheet.nib */ = {isa = PBXFileReference; lastKnownFileType = wrapper.nib; path = ConfigureSheet.nib; sourceTree = "<group>"; };
		3A6750060AEAED7D0057912E /* PFConfigureSheetController.h */ = {isa = PBXFileReference; fileEncoding = 4; lastKnownFileType = sourcecode.c.h; path = PFConfigureSheetController.h; sourceTree = "<group>"; };
		3A6750070AEAED7D0057912E /* PFConfigureSheetController.m */ = {isa = PBXFileReference; fileEncoding = 4; lastKnownFileType = sourcecode.c.objc; path = PFConfigureSheetController.m; sourceTree = "<group>"; };
		3A8F91600AE571820027DC3B /* TestApp.app */ = {isa = PBXFileReference; includeInIndex = 0; lastKnownFileType = wrapper.application; path = TestApp.app; sourceTree = BUILT_PRODUCTS_DIR; };
		3A8F91750AE571B30027DC3B /* TestApp.nib */ = {isa = PBXFileReference; lastKnownFileType = wrapper.nib; path = TestApp.nib; sourceTree = "<group>"; };
		3A8F91770AE571C40027DC3B /* TestAppController.h */ = {isa = PBXFileReference; fileEncoding = 4; lastKnownFileType = sourcecode.c.h; path = TestAppController.h; sourceTree = "<group>"; };
		3A8F91780AE571C40027DC3B /* TestAppController.m */ = {isa = PBXFileReference; fileEncoding = 4; lastKnownFileType = sourcecode.c.objc; path = TestAppController.m; sourceTree = "<group>"; };
		3A8F918E0AE5721B0027DC3B /* TestApp_main.m */ = {isa = PBXFileReference; fileEncoding = 4; lastKnownFileType = sourcecode.c.objc; path = TestApp_main.m; sourceTree = "<group>"; };
		3A8F91B80AE5731E0027DC3B /* TestApp-Info.plist */ = {isa = PBXFileReference; fileEncoding = 4; lastKnownFileType = text.xml; path = "TestApp-Info.plist"; sourceTree = "<group>"; };
		3A8F92380AE578A50027DC3B /* PFText.m */ = {isa = PBXFileReference; fileEncoding = 4; lastKnownFileType = sourcecode.c.objc; path = PFText.m; sourceTree = "<group>"; };
		3A8F923F0AE578E70027DC3B /* PFText.h */ = {isa = PBXFileReference; fileEncoding = 4; lastKnownFileType = sourcecode.c.h; path = PFText.h; sourceTree = "<group>"; };
		3AEF42F70AEA7BB80062B848 /* PFThreadedProvider.h */ = {isa = PBXFileReference; fileEncoding = 4; lastKnownFileType = sourcecode.c.h; path = PFThreadedProvider.h; sourceTree = "<group>"; };
		3AEF42F80AEA7BB80062B848 /* PFThreadedProvider.m */ = {isa = PBXFileReference; fileEncoding = 4; lastKnownFileType = sourcecode.c.objc; path = PFThreadedProvider.m; sourceTree = "<group>"; };
		8D255AD20486D3F9007BF209 /* Info.plist */ = {isa = PBXFileReference; fileEncoding = 4; lastKnownFileType = text.plist; path = Info.plist; sourceTree = "<group>"; };
		8D255AD30486D3F9007BF209 /* PhotoFeeder.saver */ = {isa = PBXFileReference; explicitFileType = wrapper.cfbundle; includeInIndex = 0; path = PhotoFeeder.saver; sourceTree = BUILT_PRODUCTS_DIR; };
		CDE1F8090AEAC40D00D865FD /* PFGLRenderer.h */ = {isa = PBXFileReference; fileEncoding = 4; lastKnownFileType = sourcecode.c.h; path = PFGLRenderer.h; sourceTree = "<group>"; };
		CDE1F80A0AEAC40D00D865FD /* PFGLRenderer.m */ = {isa = PBXFileReference; fileEncoding = 4; lastKnownFileType = sourcecode.c.objc; path = PFGLRenderer.m; sourceTree = "<group>"; };
		CDE1F8150AEAC68000D865FD /* OpenGL.framework */ = {isa = PBXFileReference; lastKnownFileType = wrapper.framework; name = OpenGL.framework; path = /System/Library/Frameworks/OpenGL.framework; sourceTree = "<absolute>"; };
		CDE1F85B0AEAC93B00D865FD /* PFImage.h */ = {isa = PBXFileReference; fileEncoding = 4; lastKnownFileType = sourcecode.c.h; path = PFImage.h; sourceTree = "<group>"; };
		CDE1F8BB0AEACD0F00D865FD /* QuartzCore.framework */ = {isa = PBXFileReference; lastKnownFileType = wrapper.framework; name = QuartzCore.framework; path = /System/Library/Frameworks/QuartzCore.framework; sourceTree = "<absolute>"; };
		F50079790118B23001CA0E54 /* PFScreenSaverView.h */ = {isa = PBXFileReference; fileEncoding = 4; lastKnownFileType = sourcecode.c.h; path = PFScreenSaverView.h; sourceTree = "<group>"; };
		F500797A0118B23001CA0E54 /* PFScreenSaverView.m */ = {isa = PBXFileReference; fileEncoding = 4; lastKnownFileType = sourcecode.c.objc; path = PFScreenSaverView.m; sourceTree = "<group>"; };
/* End PBXFileReference section */

/* Begin PBXFrameworksBuildPhase section */
		3A8F915E0AE571820027DC3B /* Frameworks */ = {
			isa = PBXFrameworksBuildPhase;
			buildActionMask = 2147483647;
			files = (
				3A8F916D0AE5719B0027DC3B /* ScreenSaver.framework in Frameworks */,
				3A8F916A0AE5719A0027DC3B /* Cocoa.framework in Frameworks */,
				CDE1F8260AEAC68000D865FD /* OpenGL.framework in Frameworks */,
				CDE1F8DA0AEACD0F00D865FD /* QuartzCore.framework in Frameworks */,
			);
			runOnlyForDeploymentPostprocessing = 0;
		};
		8D255ACD0486D3F9007BF209 /* Frameworks */ = {
			isa = PBXFrameworksBuildPhase;
			buildActionMask = 2147483647;
			files = (
				8D255ACE0486D3F9007BF209 /* Cocoa.framework in Frameworks */,
				8D255ACF0486D3F9007BF209 /* ScreenSaver.framework in Frameworks */,
				CDE1F8270AEAC68000D865FD /* OpenGL.framework in Frameworks */,
				CDE1F8D90AEACD0F00D865FD /* QuartzCore.framework in Frameworks */,
			);
			runOnlyForDeploymentPostprocessing = 0;
		};
/* End PBXFrameworksBuildPhase section */

/* Begin PBXGroup section */
		089C166AFE841209C02AAC07 /* PhotoFeeder */ = {
			isa = PBXGroup;
			children = (
				08FB77AFFE84173DC02AAC07 /* Classes */,
				3A8F917E0AE571E30027DC3B /* TestApp */,
				32DBCFA70370C4F300C91783 /* Other Sources */,
				089C167CFE841241C02AAC07 /* Resources */,
				089C1671FE841209C02AAC07 /* Frameworks and Libraries */,
				19C28FB8FE9D52D311CA2CBB /* Products */,
			);
			name = PhotoFeeder;
			sourceTree = "<group>";
		};
		089C1671FE841209C02AAC07 /* Frameworks and Libraries */ = {
			isa = PBXGroup;
			children = (
				1058C7ACFEA557BF11CA2CBB /* Linked Frameworks */,
				1058C7AEFEA557BF11CA2CBB /* Other Frameworks */,
			);
			name = "Frameworks and Libraries";
			sourceTree = "<group>";
		};
		089C167CFE841241C02AAC07 /* Resources */ = {
			isa = PBXGroup;
			children = (
				8D255AD20486D3F9007BF209 /* Info.plist */,
				089C167DFE841241C02AAC07 /* InfoPlist.strings */,
			);
			name = Resources;
			sourceTree = "<group>";
		};
		08FB77AFFE84173DC02AAC07 /* Classes */ = {
			isa = PBXGroup;
			children = (
				3AEF430B0AEA7C350062B848 /* Providers */,
				CDE1F85B0AEAC93B00D865FD /* PFImage.h */,
				3A2C403F0AE4432D00970E7C /* PFQueue.h */,
				3A2C403E0AE4432D00970E7C /* PFQueue.m */,
				3A8F923F0AE578E70027DC3B /* PFText.h */,
				3A8F92380AE578A50027DC3B /* PFText.m */,
				F50079790118B23001CA0E54 /* PFScreenSaverView.h */,
				F500797A0118B23001CA0E54 /* PFScreenSaverView.m */,
				CDE1F8090AEAC40D00D865FD /* PFGLRenderer.h */,
				CDE1F80A0AEAC40D00D865FD /* PFGLRenderer.m */,
				3A6750060AEAED7D0057912E /* PFConfigureSheetController.h */,
				3A6750070AEAED7D0057912E /* PFConfigureSheetController.m */,
			);
			name = Classes;
			sourceTree = "<group>";
		};
		1058C7ACFEA557BF11CA2CBB /* Linked Frameworks */ = {
			isa = PBXGroup;
			children = (
				CDE1F8BB0AEACD0F00D865FD /* QuartzCore.framework */,
				CDE1F8150AEAC68000D865FD /* OpenGL.framework */,
				1058C7ADFEA557BF11CA2CBB /* Cocoa.framework */,
				06F27B2DFFEEEFEF11CA0E56 /* ScreenSaver.framework */,
			);
			name = "Linked Frameworks";
			sourceTree = "<group>";
		};
		1058C7AEFEA557BF11CA2CBB /* Other Frameworks */ = {
			isa = PBXGroup;
			children = (
				089C1672FE841209C02AAC07 /* Foundation.framework */,
				089C167FFE841241C02AAC07 /* AppKit.framework */,
			);
			name = "Other Frameworks";
			sourceTree = "<group>";
		};
		19C28FB8FE9D52D311CA2CBB /* Products */ = {
			isa = PBXGroup;
			children = (
				8D255AD30486D3F9007BF209 /* PhotoFeeder.saver */,
				3A8F91600AE571820027DC3B /* TestApp.app */,
			);
			name = Products;
			sourceTree = "<group>";
		};
		32DBCFA70370C4F300C91783 /* Other Sources */ = {
			isa = PBXGroup;
			children = (
				32DBCFA80370C50100C91783 /* prefix.pch */,
			);
			name = "Other Sources";
			sourceTree = "<group>";
		};
		3A8F917E0AE571E30027DC3B /* TestApp */ = {
			isa = PBXGroup;
			children = (
				3A8F918E0AE5721B0027DC3B /* TestApp_main.m */,
				3A8F91770AE571C40027DC3B /* TestAppController.h */,
				3A8F91780AE571C40027DC3B /* TestAppController.m */,
				3A8F91B80AE5731E0027DC3B /* TestApp-Info.plist */,
				3A8F91750AE571B30027DC3B /* TestApp.nib */,
				3A674FBE0AEAEBE50057912E /* ConfigureSheet.nib */,
			);
			name = TestApp;
			sourceTree = "<group>";
		};
		3AEF430B0AEA7C350062B848 /* Providers */ = {
			isa = PBXGroup;
			children = (
				3A2C3EF50AE4342700970E7C /* PFProvider.h */,
				3A2C3EF60AE4342700970E7C /* PFProvider.m */,
				3AEF42F70AEA7BB80062B848 /* PFThreadedProvider.h */,
				3AEF42F80AEA7BB80062B848 /* PFThreadedProvider.m */,
				3A127B550AEA7341007E60ED /* PFFlickrProvider.h */,
				3A127B560AEA7341007E60ED /* PFFlickrProvider.m */,
			);
			name = Providers;
			sourceTree = "<group>";
		};
/* End PBXGroup section */

/* Begin PBXHeadersBuildPhase section */
		8D255AC60486D3F9007BF209 /* Headers */ = {
			isa = PBXHeadersBuildPhase;
			buildActionMask = 2147483647;
			files = (
				8D255AC70486D3F9007BF209 /* prefix.pch in Headers */,
				8D255AC80486D3F9007BF209 /* PFScreenSaverView.h in Headers */,
				3A2C3EF70AE4342700970E7C /* PFProvider.h in Headers */,
				3A2C40410AE4432D00970E7C /* PFQueue.h in Headers */,
				3A8F92400AE578E70027DC3B /* PFText.h in Headers */,
				3A127B570AEA7341007E60ED /* PFFlickrProvider.h in Headers */,
				3AEF42F90AEA7BB80062B848 /* PFThreadedProvider.h in Headers */,
				CDE1F80C0AEAC40D00D865FD /* PFGLRenderer.h in Headers */,
				CDE1F85D0AEAC93B00D865FD /* PFImage.h in Headers */,
				3A6750080AEAED7D0057912E /* PFConfigureSheetController.h in Headers */,
			);
			runOnlyForDeploymentPostprocessing = 0;
		};
/* End PBXHeadersBuildPhase section */

/* Begin PBXNativeTarget section */
		3A8F915F0AE571820027DC3B /* TestApp */ = {
			isa = PBXNativeTarget;
			buildConfigurationList = 3A8F91630AE571820027DC3B /* Build configuration list for PBXNativeTarget "TestApp" */;
			buildPhases = (
				3A8F915C0AE571820027DC3B /* Resources */,
				3A8F915D0AE571820027DC3B /* Sources */,
				3A8F915E0AE571820027DC3B /* Frameworks */,
			);
			buildRules = (
			);
			dependencies = (
			);
			name = TestApp;
			productName = TestApp;
			productReference = 3A8F91600AE571820027DC3B /* TestApp.app */;
			productType = "com.apple.product-type.application";
		};
		8D255AC50486D3F9007BF209 /* PhotoFeeder */ = {
			isa = PBXNativeTarget;
			buildConfigurationList = EF7AD72D08BB986600CE4634 /* Build configuration list for PBXNativeTarget "PhotoFeeder" */;
			buildPhases = (
				8D255AC60486D3F9007BF209 /* Headers */,
				8D255AC90486D3F9007BF209 /* Resources */,
				8D255ACB0486D3F9007BF209 /* Sources */,
				8D255ACD0486D3F9007BF209 /* Frameworks */,
				8D255AD00486D3F9007BF209 /* Rez */,
			);
			buildRules = (
			);
			dependencies = (
			);
			name = PhotoFeeder;
			productInstallPath = "$(HOME)/Library/Screen Savers";
			productName = PhotoFeeder;
			productReference = 8D255AD30486D3F9007BF209 /* PhotoFeeder.saver */;
			productType = "com.apple.product-type.bundle";
		};
/* End PBXNativeTarget section */

/* Begin PBXProject section */
		089C1669FE841209C02AAC07 /* Project object */ = {
			isa = PBXProject;
			buildConfigurationList = EF7AD73108BB986600CE4634 /* Build configuration list for PBXProject "PhotoFeeder" */;
			hasScannedForEncodings = 1;
			mainGroup = 089C166AFE841209C02AAC07 /* PhotoFeeder */;
			projectDirPath = "";
			targets = (
				8D255AC50486D3F9007BF209 /* PhotoFeeder */,
				3A8F915F0AE571820027DC3B /* TestApp */,
			);
		};
/* End PBXProject section */

/* Begin PBXResourcesBuildPhase section */
		3A8F915C0AE571820027DC3B /* Resources */ = {
			isa = PBXResourcesBuildPhase;
			buildActionMask = 2147483647;
			files = (
				3A8F91760AE571B30027DC3B /* TestApp.nib in Resources */,
				3A8F91B90AE5731E0027DC3B /* TestApp-Info.plist in Resources */,
				3A674FC00AEAEBE50057912E /* ConfigureSheet.nib in Resources */,
			);
			runOnlyForDeploymentPostprocessing = 0;
		};
		8D255AC90486D3F9007BF209 /* Resources */ = {
			isa = PBXResourcesBuildPhase;
			buildActionMask = 2147483647;
			files = (
				8D255ACA0486D3F9007BF209 /* InfoPlist.strings in Resources */,
				3A674FBF0AEAEBE50057912E /* ConfigureSheet.nib in Resources */,
			);
			runOnlyForDeploymentPostprocessing = 0;
		};
/* End PBXResourcesBuildPhase section */

/* Begin PBXRezBuildPhase section */
		8D255AD00486D3F9007BF209 /* Rez */ = {
			isa = PBXRezBuildPhase;
			buildActionMask = 2147483647;
			files = (
			);
			runOnlyForDeploymentPostprocessing = 0;
		};
/* End PBXRezBuildPhase section */

/* Begin PBXSourcesBuildPhase section */
		3A8F915D0AE571820027DC3B /* Sources */ = {
			isa = PBXSourcesBuildPhase;
			buildActionMask = 2147483647;
			files = (
				3A8F91670AE571960027DC3B /* PFProvider.m in Sources */,
				3A8F91680AE571960027DC3B /* PFQueue.m in Sources */,
				3A8F91690AE571960027DC3B /* PFScreenSaverView.m in Sources */,
				3A8F91790AE571C40027DC3B /* TestAppController.m in Sources */,
				3A8F918F0AE5721B0027DC3B /* TestApp_main.m in Sources */,
				3A8F92390AE578A50027DC3B /* PFText.m in Sources */,
				3A127B590AEA7341007E60ED /* PFFlickrProvider.m in Sources */,
				3AEF42FB0AEA7BB80062B848 /* PFThreadedProvider.m in Sources */,
				CDE1F80B0AEAC40D00D865FD /* PFGLRenderer.m in Sources */,
				3A67500A0AEAED7D0057912E /* PFConfigureSheetController.m in Sources */,
			);
			runOnlyForDeploymentPostprocessing = 0;
		};
		8D255ACB0486D3F9007BF209 /* Sources */ = {
			isa = PBXSourcesBuildPhase;
			buildActionMask = 2147483647;
			files = (
				8D255ACC0486D3F9007BF209 /* PFScreenSaverView.m in Sources */,
				3A2C3EF80AE4342700970E7C /* PFProvider.m in Sources */,
				3A2C40400AE4432D00970E7C /* PFQueue.m in Sources */,
				3A8F923A0AE578A50027DC3B /* PFText.m in Sources */,
				3A127B580AEA7341007E60ED /* PFFlickrProvider.m in Sources */,
				3AEF42FA0AEA7BB80062B848 /* PFThreadedProvider.m in Sources */,
				CDE1F80D0AEAC40D00D865FD /* PFGLRenderer.m in Sources */,
				3A6750090AEAED7D0057912E /* PFConfigureSheetController.m in Sources */,
			);
			runOnlyForDeploymentPostprocessing = 0;
		};
/* End PBXSourcesBuildPhase section */

/* Begin PBXVariantGroup section */
		089C167DFE841241C02AAC07 /* InfoPlist.strings */ = {
			isa = PBXVariantGroup;
			children = (
				089C167EFE841241C02AAC07 /* English */,
			);
			name = InfoPlist.strings;
			sourceTree = "<group>";
		};
/* End PBXVariantGroup section */

/* Begin XCBuildConfiguration section */
		3A8F91640AE571820027DC3B /* Debug */ = {
			isa = XCBuildConfiguration;
			buildSettings = {
				COPY_PHASE_STRIP = NO;
				FRAMEWORK_SEARCH_PATHS = "$(inherited)";
				FRAMEWORK_SEARCH_PATHS_QUOTED_1 = "\"$(SRCROOT)/objectiveflickr/build/Release\"";
				GCC_DYNAMIC_NO_PIC = NO;
				GCC_ENABLE_FIX_AND_CONTINUE = YES;
				GCC_ENABLE_OBJC_EXCEPTIONS = YES;
				GCC_GENERATE_DEBUGGING_SYMBOLS = YES;
				GCC_MODEL_TUNING = G5;
				GCC_OPTIMIZATION_LEVEL = 0;
				GCC_PRECOMPILE_PREFIX_HEADER = YES;
				GCC_PREFIX_HEADER = prefix.pch;
				INFOPLIST_FILE = "TestApp-Info.plist";
				INSTALL_PATH = "$(HOME)/Applications";
				OTHER_LDFLAGS = (
					"-framework",
					Foundation,
					"-framework",
					AppKit,
				);
				PREBINDING = NO;
				PRODUCT_NAME = TestApp;
				WRAPPER_EXTENSION = app;
				ZERO_LINK = YES;
			};
			name = Debug;
		};
		3A8F91650AE571820027DC3B /* Release */ = {
			isa = XCBuildConfiguration;
			buildSettings = {
				COPY_PHASE_STRIP = YES;
				FRAMEWORK_SEARCH_PATHS = "$(inherited)";
				FRAMEWORK_SEARCH_PATHS_QUOTED_1 = "\"$(SRCROOT)/objectiveflickr/build/Release\"";
				GCC_ENABLE_FIX_AND_CONTINUE = NO;
				GCC_ENABLE_OBJC_EXCEPTIONS = YES;
				GCC_GENERATE_DEBUGGING_SYMBOLS = NO;
				GCC_MODEL_TUNING = G5;
				GCC_PRECOMPILE_PREFIX_HEADER = YES;
				GCC_PREFIX_HEADER = prefix.pch;
				INFOPLIST_FILE = "TestApp-Info.plist";
				INSTALL_PATH = "$(HOME)/Applications";
				OTHER_LDFLAGS = (
					"-framework",
					Foundation,
					"-framework",
					AppKit,
				);
				PREBINDING = NO;
				PRODUCT_NAME = TestApp;
				WRAPPER_EXTENSION = app;
				ZERO_LINK = NO;
			};
			name = Release;
		};
		EF7AD72E08BB986600CE4634 /* Debug */ = {
			isa = XCBuildConfiguration;
			buildSettings = {
				COPY_PHASE_STRIP = NO;
				FRAMEWORK_SEARCH_PATHS = "$(inherited)";
				FRAMEWORK_SEARCH_PATHS_QUOTED_1 = "\"$(SRCROOT)/objectiveflickr/build/Release\"";
				GCC_DYNAMIC_NO_PIC = NO;
				GCC_ENABLE_FIX_AND_CONTINUE = YES;
				GCC_ENABLE_OBJC_EXCEPTIONS = YES;
				GCC_MODEL_TUNING = G5;
				GCC_OPTIMIZATION_LEVEL = 0;
				GCC_PRECOMPILE_PREFIX_HEADER = YES;
				GCC_PREFIX_HEADER = prefix.pch;
				INFOPLIST_FILE = Info.plist;
				INSTALL_PATH = "$(HOME)/Library/Screen Savers";
				PRODUCT_NAME = PhotoFeeder;
				WRAPPER_EXTENSION = saver;
				ZERO_LINK = YES;
			};
			name = Debug;
		};
		EF7AD72F08BB986600CE4634 /* Release */ = {
			isa = XCBuildConfiguration;
			buildSettings = {
				ARCHS = (
					ppc,
					i386,
				);
				FRAMEWORK_SEARCH_PATHS = "$(inherited)";
				FRAMEWORK_SEARCH_PATHS_QUOTED_1 = "\"$(SRCROOT)/objectiveflickr/build/Release\"";
				GCC_ENABLE_OBJC_EXCEPTIONS = YES;
				GCC_GENERATE_DEBUGGING_SYMBOLS = NO;
				GCC_MODEL_TUNING = G5;
				GCC_PRECOMPILE_PREFIX_HEADER = YES;
				GCC_PREFIX_HEADER = prefix.pch;
				INFOPLIST_FILE = Info.plist;
				INSTALL_PATH = "$(HOME)/Library/Screen Savers";
				PRODUCT_NAME = PhotoFeeder;
				WRAPPER_EXTENSION = saver;
			};
			name = Release;
		};
		EF7AD73208BB986600CE4634 /* Debug */ = {
			isa = XCBuildConfiguration;
			buildSettings = {
				GCC_WARN_ABOUT_RETURN_TYPE = YES;
				GCC_WARN_UNUSED_VARIABLE = YES;
				PREBINDING = NO;
				SDKROOT = /Developer/SDKs/MacOSX10.4u.sdk;
			};
			name = Debug;
		};
		EF7AD73308BB986600CE4634 /* Release */ = {
			isa = XCBuildConfiguration;
			buildSettings = {
				GCC_WARN_ABOUT_RETURN_TYPE = YES;
				GCC_WARN_UNUSED_VARIABLE = YES;
				PREBINDING = NO;
				SDKROOT = /Developer/SDKs/MacOSX10.4u.sdk;
			};
			name = Release;
		};
/* End XCBuildConfiguration section */

/* Begin XCConfigurationList section */
		3A8F91630AE571820027DC3B /* Build configuration list for PBXNativeTarget "TestApp" */ = {
			isa = XCConfigurationList;
			buildConfigurations = (
				3A8F91640AE571820027DC3B /* Debug */,
				3A8F91650AE571820027DC3B /* Release */,
			);
			defaultConfigurationIsVisible = 0;
			defaultConfigurationName = Release;
		};
		EF7AD72D08BB986600CE4634 /* Build configuration list for PBXNativeTarget "PhotoFeeder" */ = {
			isa = XCConfigurationList;
			buildConfigurations = (
				EF7AD72E08BB986600CE4634 /* Debug */,
				EF7AD72F08BB986600CE4634 /* Release */,
			);
			defaultConfigurationIsVisible = 0;
			defaultConfigurationName = Release;
		};
		EF7AD73108BB986600CE4634 /* Build configuration list for PBXProject "PhotoFeeder" */ = {
			isa = XCConfigurationList;
			buildConfigurations = (
				EF7AD73208BB986600CE4634 /* Debug */,
				EF7AD73308BB986600CE4634 /* Release */,
			);
			defaultConfigurationIsVisible = 0;
			defaultConfigurationName = Release;
		};
/* End XCConfigurationList section */
	};
	rootObject = 089C1669FE841209C02AAC07 /* Project object */;
}
