// !$*UTF8*$!
{
	archiveVersion = 1;
	classes = {
	};
	objectVersion = 42;
	objects = {

/* Begin PBXBuildFile section */
		3A127B570AEA7341007E60ED /* PFFlickrProvider.h in Headers */ = {isa = PBXBuildFile; fileRef = 3A127B550AEA7341007E60ED /* PFFlickrProvider.h */; };
		3A127B580AEA7341007E60ED /* PFFlickrProvider.m in Sources */ = {isa = PBXBuildFile; fileRef = 3A127B560AEA7341007E60ED /* PFFlickrProvider.m */; };
		3A127B590AEA7341007E60ED /* PFFlickrProvider.m in Sources */ = {isa = PBXBuildFile; fileRef = 3A127B560AEA7341007E60ED /* PFFlickrProvider.m */; };
		3A142A0D0B3B4F1100D7F86E /* renderer.qtz in Resources */ = {isa = PBXBuildFile; fileRef = 3A142A0C0B3B4F1100D7F86E /* renderer.qtz */; };
		3A142A0E0B3B4F1100D7F86E /* renderer.qtz in Resources */ = {isa = PBXBuildFile; fileRef = 3A142A0C0B3B4F1100D7F86E /* renderer.qtz */; };
		3A216B1C0AEED2E00070394E /* Cocoa.framework in Frameworks */ = {isa = PBXBuildFile; fileRef = 1058C7ADFEA557BF11CA2CBB /* Cocoa.framework */; };
		3A216B390AEED3520070394E /* TestAppFlickr-Info.plist in Resources */ = {isa = PBXBuildFile; fileRef = 3A216B380AEED3520070394E /* TestAppFlickr-Info.plist */; };
		3A216B790AEED4430070394E /* TestApp_main.m in Sources */ = {isa = PBXBuildFile; fileRef = 3A8F918E0AE5721B0027DC3B /* TestApp_main.m */; };
		3A216B910AEED4CF0070394E /* TestAppFlickr.nib in Resources */ = {isa = PBXBuildFile; fileRef = 3A216B900AEED4CF0070394E /* TestAppFlickr.nib */; };
		3A216B940AEED4D60070394E /* TestAppFlickrController.m in Sources */ = {isa = PBXBuildFile; fileRef = 3A216B920AEED4D60070394E /* TestAppFlickrController.m */; };
		3A2547AD0B14938B0081E689 /* PFImage.m in Sources */ = {isa = PBXBuildFile; fileRef = 3A2547AB0B14938B0081E689 /* PFImage.m */; };
		3A2547C90B1493D90081E689 /* PFImage_old.h in Headers */ = {isa = PBXBuildFile; fileRef = 3A2547C80B1493D90081E689 /* PFImage_old.h */; };
		3A2547CA0B1493D90081E689 /* PFImage_old.h in Copy Frameworks */ = {isa = PBXBuildFile; fileRef = 3A2547C80B1493D90081E689 /* PFImage_old.h */; };
		3A2547DF0B1495530081E689 /* types.h in Headers */ = {isa = PBXBuildFile; fileRef = 3A2547DE0B1495530081E689 /* types.h */; };
		3A2547E00B1495530081E689 /* types.h in Copy Frameworks */ = {isa = PBXBuildFile; fileRef = 3A2547DE0B1495530081E689 /* types.h */; };
		3A254DF30B14D1020081E689 /* QuickTime.framework in Frameworks */ = {isa = PBXBuildFile; fileRef = 3A254DD00B14D1020081E689 /* QuickTime.framework */; };
		3A254DF40B14D1020081E689 /* QuickTime.framework in Frameworks */ = {isa = PBXBuildFile; fileRef = 3A254DD00B14D1020081E689 /* QuickTime.framework */; };
		3A254DF50B14D1020081E689 /* QuickTime.framework in Frameworks */ = {isa = PBXBuildFile; fileRef = 3A254DD00B14D1020081E689 /* QuickTime.framework */; };
		3A2C3EF70AE4342700970E7C /* PFProvider.h in Headers */ = {isa = PBXBuildFile; fileRef = 3A2C3EF50AE4342700970E7C /* PFProvider.h */; };
		3A2C3EF80AE4342700970E7C /* PFProvider.m in Sources */ = {isa = PBXBuildFile; fileRef = 3A2C3EF60AE4342700970E7C /* PFProvider.m */; };
		3A2C40400AE4432D00970E7C /* PFQueue.m in Sources */ = {isa = PBXBuildFile; fileRef = 3A2C403E0AE4432D00970E7C /* PFQueue.m */; };
		3A2C40410AE4432D00970E7C /* PFQueue.h in Headers */ = {isa = PBXBuildFile; fileRef = 3A2C403F0AE4432D00970E7C /* PFQueue.h */; };
		3A4B1E490B21DD420017671F /* PFGLImage.h in Headers */ = {isa = PBXBuildFile; fileRef = 3A4B1E470B21DD420017671F /* PFGLImage.h */; };
		3A4B1E4A0B21DD420017671F /* PFGLImage.m in Sources */ = {isa = PBXBuildFile; fileRef = 3A4B1E460B21DD420017671F /* PFGLImage.m */; };
		3A4B1E4B0B21DD420017671F /* PFGLImage.h in Copy Frameworks */ = {isa = PBXBuildFile; fileRef = 3A4B1E470B21DD420017671F /* PFGLImage.h */; };
		3A4B1E720B21DF100017671F /* TestAppGLView.m in Sources */ = {isa = PBXBuildFile; fileRef = 3A4B1E700B21DF100017671F /* TestAppGLView.m */; };
		3A4B1E820B21DF4E0017671F /* TestAppGL.nib in Resources */ = {isa = PBXBuildFile; fileRef = 3A4B1E7D0B21DF4E0017671F /* TestAppGL.nib */; };
		3A4B1E920B21DFB10017671F /* PFGLImage.m in Sources */ = {isa = PBXBuildFile; fileRef = 3A4B1E460B21DD420017671F /* PFGLImage.m */; };
		3A4B1E930B21DFBC0017671F /* TestAppGL-Info.plist in Resources */ = {isa = PBXBuildFile; fileRef = 3A4B1E6C0B21DEEE0017671F /* TestAppGL-Info.plist */; };
		3A4B1EA60B21DFD00017671F /* OpenGL.framework in Frameworks */ = {isa = PBXBuildFile; fileRef = CDE1F8150AEAC68000D865FD /* OpenGL.framework */; };
		3A4B1EA70B21DFD00017671F /* Cocoa.framework in Frameworks */ = {isa = PBXBuildFile; fileRef = 1058C7ADFEA557BF11CA2CBB /* Cocoa.framework */; };
		3A4B1EC10B21E05B0017671F /* TestApp_main.m in Sources */ = {isa = PBXBuildFile; fileRef = 3A8F918E0AE5721B0027DC3B /* TestApp_main.m */; };
		3A674FBF0AEAEBE50057912E /* ConfigureSheet.nib in Resources */ = {isa = PBXBuildFile; fileRef = 3A674FBE0AEAEBE50057912E /* ConfigureSheet.nib */; };
		3A674FC00AEAEBE50057912E /* ConfigureSheet.nib in Resources */ = {isa = PBXBuildFile; fileRef = 3A674FBE0AEAEBE50057912E /* ConfigureSheet.nib */; };
		3A6750080AEAED7D0057912E /* PFConfigureSheetController.h in Headers */ = {isa = PBXBuildFile; fileRef = 3A6750060AEAED7D0057912E /* PFConfigureSheetController.h */; };
		3A6750090AEAED7D0057912E /* PFConfigureSheetController.m in Sources */ = {isa = PBXBuildFile; fileRef = 3A6750070AEAED7D0057912E /* PFConfigureSheetController.m */; };
		3A67500A0AEAED7D0057912E /* PFConfigureSheetController.m in Sources */ = {isa = PBXBuildFile; fileRef = 3A6750070AEAED7D0057912E /* PFConfigureSheetController.m */; };
		3A848A0F0B3B63FE00B65C13 /* PFRenderer.m in Sources */ = {isa = PBXBuildFile; fileRef = 3A848A0E0B3B63FE00B65C13 /* PFRenderer.m */; };
		3A848A100B3B63FE00B65C13 /* PFRenderer.h in Headers */ = {isa = PBXBuildFile; fileRef = 3A848A0D0B3B63FE00B65C13 /* PFRenderer.h */; };
		3A848A110B3B63FE00B65C13 /* PFRenderer.m in Sources */ = {isa = PBXBuildFile; fileRef = 3A848A0E0B3B63FE00B65C13 /* PFRenderer.m */; };
		3A848A120B3B63FE00B65C13 /* PFRenderer.h in Copy Frameworks */ = {isa = PBXBuildFile; fileRef = 3A848A0D0B3B63FE00B65C13 /* PFRenderer.h */; };
		3A848A130B3B63FE00B65C13 /* PFRenderer.m in Sources */ = {isa = PBXBuildFile; fileRef = 3A848A0E0B3B63FE00B65C13 /* PFRenderer.m */; };
		3A848A140B3B63FE00B65C13 /* PFRenderer.m in Sources */ = {isa = PBXBuildFile; fileRef = 3A848A0E0B3B63FE00B65C13 /* PFRenderer.m */; };
		3A848B8C0B3B6CC700B65C13 /* Quartz.framework in Frameworks */ = {isa = PBXBuildFile; fileRef = 3AD383AC0B3B32B5009F8887 /* Quartz.framework */; };
		3A8F91670AE571960027DC3B /* PFProvider.m in Sources */ = {isa = PBXBuildFile; fileRef = 3A2C3EF60AE4342700970E7C /* PFProvider.m */; };
		3A8F91680AE571960027DC3B /* PFQueue.m in Sources */ = {isa = PBXBuildFile; fileRef = 3A2C403E0AE4432D00970E7C /* PFQueue.m */; };
		3A8F91690AE571960027DC3B /* PFScreenSaverView.m in Sources */ = {isa = PBXBuildFile; fileRef = F500797A0118B23001CA0E54 /* PFScreenSaverView.m */; };
		3A8F916A0AE5719A0027DC3B /* Cocoa.framework in Frameworks */ = {isa = PBXBuildFile; fileRef = 1058C7ADFEA557BF11CA2CBB /* Cocoa.framework */; };
		3A8F916D0AE5719B0027DC3B /* ScreenSaver.framework in Frameworks */ = {isa = PBXBuildFile; fileRef = 06F27B2DFFEEEFEF11CA0E56 /* ScreenSaver.framework */; };
		3A8F91760AE571B30027DC3B /* TestApp.nib in Resources */ = {isa = PBXBuildFile; fileRef = 3A8F91750AE571B30027DC3B /* TestApp.nib */; };
		3A8F91790AE571C40027DC3B /* TestAppController.m in Sources */ = {isa = PBXBuildFile; fileRef = 3A8F91780AE571C40027DC3B /* TestAppController.m */; };
		3A8F918F0AE5721B0027DC3B /* TestApp_main.m in Sources */ = {isa = PBXBuildFile; fileRef = 3A8F918E0AE5721B0027DC3B /* TestApp_main.m */; };
		3A8F91B90AE5731E0027DC3B /* TestApp-Info.plist in Resources */ = {isa = PBXBuildFile; fileRef = 3A8F91B80AE5731E0027DC3B /* TestApp-Info.plist */; };
		3A8F92400AE578E70027DC3B /* PFText.h in Headers */ = {isa = PBXBuildFile; fileRef = 3A8F923F0AE578E70027DC3B /* PFText.h */; };
		3AD264330B2334AB005CE2C6 /* LICENSE in Resources */ = {isa = PBXBuildFile; fileRef = 3AD264320B2334AB005CE2C6 /* LICENSE */; };
		3AD264340B2334AB005CE2C6 /* LICENSE in Resources */ = {isa = PBXBuildFile; fileRef = 3AD264320B2334AB005CE2C6 /* LICENSE */; };
		3AD264350B2334AB005CE2C6 /* LICENSE in Resources */ = {isa = PBXBuildFile; fileRef = 3AD264320B2334AB005CE2C6 /* LICENSE */; };
		3AD264360B2334AB005CE2C6 /* LICENSE in Resources */ = {isa = PBXBuildFile; fileRef = 3AD264320B2334AB005CE2C6 /* LICENSE */; };
		3AD3839E0B3B30FD009F8887 /* TestAppQC.qtz in Resources */ = {isa = PBXBuildFile; fileRef = 3AD3839D0B3B30FD009F8887 /* TestAppQC.qtz */; };
		3AD383A40B3B312B009F8887 /* TestAppQC_main.m in Sources */ = {isa = PBXBuildFile; fileRef = 3AD383A30B3B312B009F8887 /* TestAppQC_main.m */; };
		3AD383B20B3B32B5009F8887 /* Quartz.framework in Frameworks */ = {isa = PBXBuildFile; fileRef = 3AD383AC0B3B32B5009F8887 /* Quartz.framework */; };
		3AD383B30B3B32C1009F8887 /* Cocoa.framework in Frameworks */ = {isa = PBXBuildFile; fileRef = 1058C7ADFEA557BF11CA2CBB /* Cocoa.framework */; };
		3AD383BF0B3B32E5009F8887 /* TestAppQC.nib in Resources */ = {isa = PBXBuildFile; fileRef = 3AD383BA0B3B32E5009F8887 /* TestAppQC.nib */; };
		3AEF42F90AEA7BB80062B848 /* PFThreadedProvider.h in Headers */ = {isa = PBXBuildFile; fileRef = 3AEF42F70AEA7BB80062B848 /* PFThreadedProvider.h */; };
		3AFBD4430AF2669C00B626A0 /* Flickr.framework in Frameworks */ = {isa = PBXBuildFile; fileRef = 3AFBD43B0AF2669C00B626A0 /* Flickr.framework */; };
		3AFBD4520AF2671C00B626A0 /* Flickr.framework in Copy Frameworks */ = {isa = PBXBuildFile; fileRef = 3AFBD43B0AF2669C00B626A0 /* Flickr.framework */; };
		3AFEB6B40B2306D100F3979C /* PFDiskProvider.m in Sources */ = {isa = PBXBuildFile; fileRef = 3AFEB6B30B2306D100F3979C /* PFDiskProvider.m */; };
		3AFEB6B50B2306D100F3979C /* PFDiskProvider.h in Headers */ = {isa = PBXBuildFile; fileRef = 3AFEB6B20B2306D100F3979C /* PFDiskProvider.h */; };
		3AFEB6B60B2306D100F3979C /* PFDiskProvider.m in Sources */ = {isa = PBXBuildFile; fileRef = 3AFEB6B30B2306D100F3979C /* PFDiskProvider.m */; };
		8D255AC70486D3F9007BF209 /* prefix.pch in Headers */ = {isa = PBXBuildFile; fileRef = 32DBCFA80370C50100C91783 /* prefix.pch */; };
		8D255AC80486D3F9007BF209 /* PFScreenSaverView.h in Headers */ = {isa = PBXBuildFile; fileRef = F50079790118B23001CA0E54 /* PFScreenSaverView.h */; };
		8D255ACA0486D3F9007BF209 /* InfoPlist.strings in Resources */ = {isa = PBXBuildFile; fileRef = 089C167DFE841241C02AAC07 /* InfoPlist.strings */; };
		8D255ACC0486D3F9007BF209 /* PFScreenSaverView.m in Sources */ = {isa = PBXBuildFile; fileRef = F500797A0118B23001CA0E54 /* PFScreenSaverView.m */; };
		8D255ACE0486D3F9007BF209 /* Cocoa.framework in Frameworks */ = {isa = PBXBuildFile; fileRef = 1058C7ADFEA557BF11CA2CBB /* Cocoa.framework */; };
		8D255ACF0486D3F9007BF209 /* ScreenSaver.framework in Frameworks */ = {isa = PBXBuildFile; fileRef = 06F27B2DFFEEEFEF11CA0E56 /* ScreenSaver.framework */; };
		CDE1F8260AEAC68000D865FD /* OpenGL.framework in Frameworks */ = {isa = PBXBuildFile; fileRef = CDE1F8150AEAC68000D865FD /* OpenGL.framework */; };
		CDE1F8270AEAC68000D865FD /* OpenGL.framework in Frameworks */ = {isa = PBXBuildFile; fileRef = CDE1F8150AEAC68000D865FD /* OpenGL.framework */; };
		CDE1F85D0AEAC93B00D865FD /* PFImage.h in Headers */ = {isa = PBXBuildFile; fileRef = CDE1F85B0AEAC93B00D865FD /* PFImage.h */; };
		CDE1F8D90AEACD0F00D865FD /* QuartzCore.framework in Frameworks */ = {isa = PBXBuildFile; fileRef = CDE1F8BB0AEACD0F00D865FD /* QuartzCore.framework */; };
/* End PBXBuildFile section */

/* Begin PBXCopyFilesBuildPhase section */
		3AFBD44E0AF2671000B626A0 /* Copy Frameworks */ = {
			isa = PBXCopyFilesBuildPhase;
			buildActionMask = 2147483647;
			dstPath = "";
			dstSubfolderSpec = 10;
			files = (
				3AFBD4520AF2671C00B626A0 /* Flickr.framework in Copy Frameworks */,
				3A2547CA0B1493D90081E689 /* PFImage_old.h in Copy Frameworks */,
				3A2547E00B1495530081E689 /* types.h in Copy Frameworks */,
				3A4B1E4B0B21DD420017671F /* PFGLImage.h in Copy Frameworks */,
				3A848A120B3B63FE00B65C13 /* PFRenderer.h in Copy Frameworks */,
			);
			name = "Copy Frameworks";
			runOnlyForDeploymentPostprocessing = 0;
		};
/* End PBXCopyFilesBuildPhase section */

/* Begin PBXFileReference section */
		06F27B2DFFEEEFEF11CA0E56 /* ScreenSaver.framework */ = {isa = PBXFileReference; lastKnownFileType = wrapper.framework; name = ScreenSaver.framework; path = /System/Library/Frameworks/ScreenSaver.framework; sourceTree = "<absolute>"; };
		089C1672FE841209C02AAC07 /* Foundation.framework */ = {isa = PBXFileReference; lastKnownFileType = wrapper.framework; name = Foundation.framework; path = /System/Library/Frameworks/Foundation.framework; sourceTree = "<absolute>"; };
		089C167EFE841241C02AAC07 /* English */ = {isa = PBXFileReference; fileEncoding = 10; lastKnownFileType = text.plist.strings; name = English; path = English.lproj/InfoPlist.strings; sourceTree = "<group>"; };
		089C167FFE841241C02AAC07 /* AppKit.framework */ = {isa = PBXFileReference; lastKnownFileType = wrapper.framework; name = AppKit.framework; path = /System/Library/Frameworks/AppKit.framework; sourceTree = "<absolute>"; };
		1058C7ADFEA557BF11CA2CBB /* Cocoa.framework */ = {isa = PBXFileReference; lastKnownFileType = wrapper.framework; name = Cocoa.framework; path = /System/Library/Frameworks/Cocoa.framework; sourceTree = "<absolute>"; };
		32DBCFA80370C50100C91783 /* prefix.pch */ = {isa = PBXFileReference; fileEncoding = 4; lastKnownFileType = sourcecode.c.h; path = prefix.pch; sourceTree = "<group>"; };
		3A127B550AEA7341007E60ED /* PFFlickrProvider.h */ = {isa = PBXFileReference; fileEncoding = 4; lastKnownFileType = sourcecode.c.h; path = PFFlickrProvider.h; sourceTree = "<group>"; };
		3A127B560AEA7341007E60ED /* PFFlickrProvider.m */ = {isa = PBXFileReference; fileEncoding = 4; lastKnownFileType = sourcecode.c.objc; path = PFFlickrProvider.m; sourceTree = "<group>"; };
		3A142A0C0B3B4F1100D7F86E /* renderer.qtz */ = {isa = PBXFileReference; lastKnownFileType = file; path = renderer.qtz; sourceTree = "<group>"; };
		3A216B220AEED2E00070394E /* TestAppFlickr.app */ = {isa = PBXFileReference; explicitFileType = wrapper.application; includeInIndex = 0; path = TestAppFlickr.app; sourceTree = BUILT_PRODUCTS_DIR; };
		3A216B380AEED3520070394E /* TestAppFlickr-Info.plist */ = {isa = PBXFileReference; fileEncoding = 4; lastKnownFileType = text.xml; path = "TestAppFlickr-Info.plist"; sourceTree = "<group>"; };
		3A216B900AEED4CF0070394E /* TestAppFlickr.nib */ = {isa = PBXFileReference; lastKnownFileType = wrapper.nib; path = TestAppFlickr.nib; sourceTree = "<group>"; };
		3A216B920AEED4D60070394E /* TestAppFlickrController.m */ = {isa = PBXFileReference; fileEncoding = 4; lastKnownFileType = sourcecode.c.objc; path = TestAppFlickrController.m; sourceTree = "<group>"; };
		3A216B930AEED4D60070394E /* TestAppFlickrController.h */ = {isa = PBXFileReference; fileEncoding = 4; lastKnownFileType = sourcecode.c.h; path = TestAppFlickrController.h; sourceTree = "<group>"; };
		3A2547AB0B14938B0081E689 /* PFImage.m */ = {isa = PBXFileReference; fileEncoding = 4; lastKnownFileType = sourcecode.c.objc; path = PFImage.m; sourceTree = "<group>"; };
		3A2547C80B1493D90081E689 /* PFImage_old.h */ = {isa = PBXFileReference; fileEncoding = 4; lastKnownFileType = sourcecode.c.h; path = PFImage_old.h; sourceTree = "<group>"; };
		3A2547DE0B1495530081E689 /* types.h */ = {isa = PBXFileReference; fileEncoding = 4; lastKnownFileType = sourcecode.c.h; path = types.h; sourceTree = "<group>"; };
		3A254DD00B14D1020081E689 /* QuickTime.framework */ = {isa = PBXFileReference; lastKnownFileType = wrapper.framework; name = QuickTime.framework; path = /System/Library/Frameworks/QuickTime.framework; sourceTree = "<absolute>"; };
		3A2C3EF50AE4342700970E7C /* PFProvider.h */ = {isa = PBXFileReference; fileEncoding = 4; lastKnownFileType = sourcecode.c.h; path = PFProvider.h; sourceTree = "<group>"; };
		3A2C3EF60AE4342700970E7C /* PFProvider.m */ = {isa = PBXFileReference; fileEncoding = 4; lastKnownFileType = sourcecode.c.objc; path = PFProvider.m; sourceTree = "<group>"; };
		3A2C403E0AE4432D00970E7C /* PFQueue.m */ = {isa = PBXFileReference; fileEncoding = 4; lastKnownFileType = sourcecode.c.objc; path = PFQueue.m; sourceTree = "<group>"; };
		3A2C403F0AE4432D00970E7C /* PFQueue.h */ = {isa = PBXFileReference; fileEncoding = 4; lastKnownFileType = sourcecode.c.h; path = PFQueue.h; sourceTree = "<group>"; };
		3A4B1E460B21DD420017671F /* PFGLImage.m */ = {isa = PBXFileReference; fileEncoding = 4; lastKnownFileType = sourcecode.c.objc; path = PFGLImage.m; sourceTree = "<group>"; };
		3A4B1E470B21DD420017671F /* PFGLImage.h */ = {isa = PBXFileReference; fileEncoding = 4; lastKnownFileType = sourcecode.c.h; path = PFGLImage.h; sourceTree = "<group>"; };
		3A4B1E6A0B21DEEE0017671F /* TestAppGL.app */ = {isa = PBXFileReference; explicitFileType = wrapper.application; includeInIndex = 0; path = TestAppGL.app; sourceTree = BUILT_PRODUCTS_DIR; };
		3A4B1E6C0B21DEEE0017671F /* TestAppGL-Info.plist */ = {isa = PBXFileReference; lastKnownFileType = text.xml; path = "TestAppGL-Info.plist"; sourceTree = "<group>"; };
		3A4B1E700B21DF100017671F /* TestAppGLView.m */ = {isa = PBXFileReference; fileEncoding = 4; lastKnownFileType = sourcecode.c.objc; path = TestAppGLView.m; sourceTree = "<group>"; };
		3A4B1E710B21DF100017671F /* TestAppGLView.h */ = {isa = PBXFileReference; fileEncoding = 4; lastKnownFileType = sourcecode.c.h; path = TestAppGLView.h; sourceTree = "<group>"; };
		3A4B1E7D0B21DF4E0017671F /* TestAppGL.nib */ = {isa = PBXFileReference; lastKnownFileType = wrapper.nib; path = TestAppGL.nib; sourceTree = "<group>"; };
		3A674FBE0AEAEBE50057912E /* ConfigureSheet.nib */ = {isa = PBXFileReference; lastKnownFileType = wrapper.nib; path = ConfigureSheet.nib; sourceTree = "<group>"; };
		3A6750060AEAED7D0057912E /* PFConfigureSheetController.h */ = {isa = PBXFileReference; fileEncoding = 4; lastKnownFileType = sourcecode.c.h; path = PFConfigureSheetController.h; sourceTree = "<group>"; };
		3A6750070AEAED7D0057912E /* PFConfigureSheetController.m */ = {isa = PBXFileReference; fileEncoding = 4; lastKnownFileType = sourcecode.c.objc; path = PFConfigureSheetController.m; sourceTree = "<group>"; };
		3A848A0D0B3B63FE00B65C13 /* PFRenderer.h */ = {isa = PBXFileReference; fileEncoding = 4; lastKnownFileType = sourcecode.c.h; path = PFRenderer.h; sourceTree = "<group>"; };
		3A848A0E0B3B63FE00B65C13 /* PFRenderer.m */ = {isa = PBXFileReference; fileEncoding = 4; lastKnownFileType = sourcecode.c.objc; path = PFRenderer.m; sourceTree = "<group>"; };
		3A8F91600AE571820027DC3B /* TestApp.app */ = {isa = PBXFileReference; explicitFileType = wrapper.application; includeInIndex = 0; path = TestApp.app; sourceTree = BUILT_PRODUCTS_DIR; };
		3A8F91750AE571B30027DC3B /* TestApp.nib */ = {isa = PBXFileReference; lastKnownFileType = wrapper.nib; path = TestApp.nib; sourceTree = "<group>"; };
		3A8F91770AE571C40027DC3B /* TestAppController.h */ = {isa = PBXFileReference; fileEncoding = 4; lastKnownFileType = sourcecode.c.h; path = TestAppController.h; sourceTree = "<group>"; };
		3A8F91780AE571C40027DC3B /* TestAppController.m */ = {isa = PBXFileReference; fileEncoding = 4; lastKnownFileType = sourcecode.c.objc; path = TestAppController.m; sourceTree = "<group>"; };
		3A8F918E0AE5721B0027DC3B /* TestApp_main.m */ = {isa = PBXFileReference; fileEncoding = 4; lastKnownFileType = sourcecode.c.objc; path = TestApp_main.m; sourceTree = "<group>"; };
		3A8F91B80AE5731E0027DC3B /* TestApp-Info.plist */ = {isa = PBXFileReference; fileEncoding = 4; lastKnownFileType = text.xml; path = "TestApp-Info.plist"; sourceTree = "<group>"; };
		3A8F92380AE578A50027DC3B /* PFText.m */ = {isa = PBXFileReference; fileEncoding = 4; lastKnownFileType = sourcecode.c.objc; path = PFText.m; sourceTree = "<group>"; };
		3A8F923F0AE578E70027DC3B /* PFText.h */ = {isa = PBXFileReference; fileEncoding = 4; lastKnownFileType = sourcecode.c.h; path = PFText.h; sourceTree = "<group>"; };
		3AD264320B2334AB005CE2C6 /* LICENSE */ = {isa = PBXFileReference; fileEncoding = 4; lastKnownFileType = text; path = LICENSE; sourceTree = "<group>"; };
		3AD383940B3B309B009F8887 /* TestAppQC.app */ = {isa = PBXFileReference; explicitFileType = wrapper.application; includeInIndex = 0; path = TestAppQC.app; sourceTree = BUILT_PRODUCTS_DIR; };
		3AD383960B3B309B009F8887 /* TestAppQC-Info.plist */ = {isa = PBXFileReference; lastKnownFileType = text.xml; path = "TestAppQC-Info.plist"; sourceTree = "<group>"; };
		3AD3839D0B3B30FD009F8887 /* TestAppQC.qtz */ = {isa = PBXFileReference; lastKnownFileType = file; path = TestAppQC.qtz; sourceTree = "<group>"; };
		3AD383A30B3B312B009F8887 /* TestAppQC_main.m */ = {isa = PBXFileReference; fileEncoding = 4; lastKnownFileType = sourcecode.c.objc; path = TestAppQC_main.m; sourceTree = "<group>"; };
		3AD383AC0B3B32B5009F8887 /* Quartz.framework */ = {isa = PBXFileReference; lastKnownFileType = wrapper.framework; name = Quartz.framework; path = /System/Library/Frameworks/Quartz.framework; sourceTree = "<absolute>"; };
		3AD383BA0B3B32E5009F8887 /* TestAppQC.nib */ = {isa = PBXFileReference; lastKnownFileType = wrapper.nib; path = TestAppQC.nib; sourceTree = "<group>"; };
		3AEF42F70AEA7BB80062B848 /* PFThreadedProvider.h */ = {isa = PBXFileReference; fileEncoding = 4; lastKnownFileType = sourcecode.c.h; path = PFThreadedProvider.h; sourceTree = "<group>"; };
		3AEF42F80AEA7BB80062B848 /* PFThreadedProvider.m */ = {isa = PBXFileReference; fileEncoding = 4; lastKnownFileType = sourcecode.c.objc; path = PFThreadedProvider.m; sourceTree = "<group>"; };
		3AFBD43B0AF2669C00B626A0 /* Flickr.framework */ = {isa = PBXFileReference; lastKnownFileType = wrapper.framework; name = Flickr.framework; path = Flickr/build/Release/Flickr.framework; sourceTree = "<group>"; };
		3AFEB6B20B2306D100F3979C /* PFDiskProvider.h */ = {isa = PBXFileReference; fileEncoding = 4; lastKnownFileType = sourcecode.c.h; path = PFDiskProvider.h; sourceTree = "<group>"; };
		3AFEB6B30B2306D100F3979C /* PFDiskProvider.m */ = {isa = PBXFileReference; fileEncoding = 4; lastKnownFileType = sourcecode.c.objc; path = PFDiskProvider.m; sourceTree = "<group>"; };
		8D255AD20486D3F9007BF209 /* Info.plist */ = {isa = PBXFileReference; fileEncoding = 4; lastKnownFileType = text.plist; path = Info.plist; sourceTree = "<group>"; };
		8D255AD30486D3F9007BF209 /* PhotoFeeder.saver */ = {isa = PBXFileReference; explicitFileType = wrapper.cfbundle; includeInIndex = 0; path = PhotoFeeder.saver; sourceTree = BUILT_PRODUCTS_DIR; };
		CDE1F8150AEAC68000D865FD /* OpenGL.framework */ = {isa = PBXFileReference; lastKnownFileType = wrapper.framework; name = OpenGL.framework; path = /System/Library/Frameworks/OpenGL.framework; sourceTree = "<absolute>"; };
		CDE1F85B0AEAC93B00D865FD /* PFImage.h */ = {isa = PBXFileReference; fileEncoding = 4; lastKnownFileType = sourcecode.c.h; path = PFImage.h; sourceTree = "<group>"; };
		CDE1F8BB0AEACD0F00D865FD /* QuartzCore.framework */ = {isa = PBXFileReference; lastKnownFileType = wrapper.framework; name = QuartzCore.framework; path = /System/Library/Frameworks/QuartzCore.framework; sourceTree = "<absolute>"; };
		F50079790118B23001CA0E54 /* PFScreenSaverView.h */ = {isa = PBXFileReference; fileEncoding = 4; lastKnownFileType = sourcecode.c.h; path = PFScreenSaverView.h; sourceTree = "<group>"; };
		F500797A0118B23001CA0E54 /* PFScreenSaverView.m */ = {isa = PBXFileReference; fileEncoding = 4; lastKnownFileType = sourcecode.c.objc; path = PFScreenSaverView.m; sourceTree = "<group>"; };
/* End PBXFileReference section */

/* Begin PBXFrameworksBuildPhase section */
		3A216B1A0AEED2E00070394E /* Frameworks */ = {
			isa = PBXFrameworksBuildPhase;
			buildActionMask = 2147483647;
			files = (
				3A216B1C0AEED2E00070394E /* Cocoa.framework in Frameworks */,
				3AFBD4430AF2669C00B626A0 /* Flickr.framework in Frameworks */,
				3A254DF40B14D1020081E689 /* QuickTime.framework in Frameworks */,
			);
			runOnlyForDeploymentPostprocessing = 0;
		};
		3A4B1E680B21DEEE0017671F /* Frameworks */ = {
			isa = PBXFrameworksBuildPhase;
			buildActionMask = 2147483647;
			files = (
				3A4B1EA60B21DFD00017671F /* OpenGL.framework in Frameworks */,
				3A4B1EA70B21DFD00017671F /* Cocoa.framework in Frameworks */,
			);
			runOnlyForDeploymentPostprocessing = 0;
		};
		3A8F915E0AE571820027DC3B /* Frameworks */ = {
			isa = PBXFrameworksBuildPhase;
			buildActionMask = 2147483647;
			files = (
				3A848B8C0B3B6CC700B65C13 /* Quartz.framework in Frameworks */,
				3A8F916D0AE5719B0027DC3B /* ScreenSaver.framework in Frameworks */,
				3A8F916A0AE5719A0027DC3B /* Cocoa.framework in Frameworks */,
				CDE1F8260AEAC68000D865FD /* OpenGL.framework in Frameworks */,
				3A254DF50B14D1020081E689 /* QuickTime.framework in Frameworks */,
			);
			runOnlyForDeploymentPostprocessing = 0;
		};
		3AD383920B3B309B009F8887 /* Frameworks */ = {
			isa = PBXFrameworksBuildPhase;
			buildActionMask = 2147483647;
			files = (
				3AD383B30B3B32C1009F8887 /* Cocoa.framework in Frameworks */,
				3AD383B20B3B32B5009F8887 /* Quartz.framework in Frameworks */,
			);
			runOnlyForDeploymentPostprocessing = 0;
		};
		8D255ACD0486D3F9007BF209 /* Frameworks */ = {
			isa = PBXFrameworksBuildPhase;
			buildActionMask = 2147483647;
			files = (
				8D255ACE0486D3F9007BF209 /* Cocoa.framework in Frameworks */,
				8D255ACF0486D3F9007BF209 /* ScreenSaver.framework in Frameworks */,
				CDE1F8270AEAC68000D865FD /* OpenGL.framework in Frameworks */,
				CDE1F8D90AEACD0F00D865FD /* QuartzCore.framework in Frameworks */,
				3A254DF30B14D1020081E689 /* QuickTime.framework in Frameworks */,
			);
			runOnlyForDeploymentPostprocessing = 0;
		};
/* End PBXFrameworksBuildPhase section */

/* Begin PBXGroup section */
		089C166AFE841209C02AAC07 /* PhotoFeeder */ = {
			isa = PBXGroup;
			children = (
				32DBCFA80370C50100C91783 /* prefix.pch */,
				3A2547DE0B1495530081E689 /* types.h */,
				3AEF430B0AEA7C350062B848 /* Providers */,
				3A216B6D0AEED38F0070394E /* Glue */,
				3A216B6F0AEED3B90070394E /* Renderer */,
				3A216B6E0AEED3A70070394E /* Settings and UI */,
				3A216B700AEED3E10070394E /* Test apps */,
				089C167CFE841241C02AAC07 /* Resources */,
				089C1671FE841209C02AAC07 /* Frameworks and Libraries */,
				19C28FB8FE9D52D311CA2CBB /* Products */,
			);
			name = PhotoFeeder;
			sourceTree = "<group>";
		};
		089C1671FE841209C02AAC07 /* Frameworks and Libraries */ = {
			isa = PBXGroup;
			children = (
				1058C7ACFEA557BF11CA2CBB /* Linked Frameworks */,
				1058C7AEFEA557BF11CA2CBB /* Other Frameworks */,
			);
			name = "Frameworks and Libraries";
			sourceTree = "<group>";
		};
		089C167CFE841241C02AAC07 /* Resources */ = {
			isa = PBXGroup;
			children = (
				3A142A0C0B3B4F1100D7F86E /* renderer.qtz */,
				3AD264320B2334AB005CE2C6 /* LICENSE */,
				3A674FBE0AEAEBE50057912E /* ConfigureSheet.nib */,
				8D255AD20486D3F9007BF209 /* Info.plist */,
				089C167DFE841241C02AAC07 /* InfoPlist.strings */,
			);
			name = Resources;
			sourceTree = "<group>";
		};
		1058C7ACFEA557BF11CA2CBB /* Linked Frameworks */ = {
			isa = PBXGroup;
			children = (
				3AD383AC0B3B32B5009F8887 /* Quartz.framework */,
				3A254DD00B14D1020081E689 /* QuickTime.framework */,
				3AFBD43B0AF2669C00B626A0 /* Flickr.framework */,
				CDE1F8BB0AEACD0F00D865FD /* QuartzCore.framework */,
				CDE1F8150AEAC68000D865FD /* OpenGL.framework */,
				1058C7ADFEA557BF11CA2CBB /* Cocoa.framework */,
				06F27B2DFFEEEFEF11CA0E56 /* ScreenSaver.framework */,
			);
			name = "Linked Frameworks";
			sourceTree = "<group>";
		};
		1058C7AEFEA557BF11CA2CBB /* Other Frameworks */ = {
			isa = PBXGroup;
			children = (
				089C1672FE841209C02AAC07 /* Foundation.framework */,
				089C167FFE841241C02AAC07 /* AppKit.framework */,
			);
			name = "Other Frameworks";
			sourceTree = "<group>";
		};
		19C28FB8FE9D52D311CA2CBB /* Products */ = {
			isa = PBXGroup;
			children = (
				8D255AD30486D3F9007BF209 /* PhotoFeeder.saver */,
				3A8F91600AE571820027DC3B /* TestApp.app */,
				3A216B220AEED2E00070394E /* TestAppFlickr.app */,
				3A4B1E6A0B21DEEE0017671F /* TestAppGL.app */,
				3AD383940B3B309B009F8887 /* TestAppQC.app */,
			);
			name = Products;
			sourceTree = "<group>";
		};
		3A216B040AEED2B60070394E /* TestAppFlickr */ = {
			isa = PBXGroup;
			children = (
				3A216B930AEED4D60070394E /* TestAppFlickrController.h */,
				3A216B920AEED4D60070394E /* TestAppFlickrController.m */,
				3A216B380AEED3520070394E /* TestAppFlickr-Info.plist */,
				3A216B900AEED4CF0070394E /* TestAppFlickr.nib */,
			);
			name = TestAppFlickr;
			sourceTree = "<group>";
		};
		3A216B6D0AEED38F0070394E /* Glue */ = {
			isa = PBXGroup;
			children = (
				3A2547C80B1493D90081E689 /* PFImage_old.h */,
				CDE1F85B0AEAC93B00D865FD /* PFImage.h */,
				3A2547AB0B14938B0081E689 /* PFImage.m */,
				3A2C403F0AE4432D00970E7C /* PFQueue.h */,
				3A2C403E0AE4432D00970E7C /* PFQueue.m */,
				3A8F923F0AE578E70027DC3B /* PFText.h */,
				3A8F92380AE578A50027DC3B /* PFText.m */,
			);
			name = Glue;
			sourceTree = "<group>";
		};
		3A216B6E0AEED3A70070394E /* Settings and UI */ = {
			isa = PBXGroup;
			children = (
				3A6750060AEAED7D0057912E /* PFConfigureSheetController.h */,
				3A6750070AEAED7D0057912E /* PFConfigureSheetController.m */,
			);
			name = "Settings and UI";
			sourceTree = "<group>";
		};
		3A216B6F0AEED3B90070394E /* Renderer */ = {
			isa = PBXGroup;
			children = (
				F50079790118B23001CA0E54 /* PFScreenSaverView.h */,
				F500797A0118B23001CA0E54 /* PFScreenSaverView.m */,
				3A848A0D0B3B63FE00B65C13 /* PFRenderer.h */,
				3A848A0E0B3B63FE00B65C13 /* PFRenderer.m */,
				3A4B1E470B21DD420017671F /* PFGLImage.h */,
				3A4B1E460B21DD420017671F /* PFGLImage.m */,
			);
			name = Renderer;
			sourceTree = "<group>";
		};
		3A216B700AEED3E10070394E /* Test apps */ = {
			isa = PBXGroup;
			children = (
				3AD383850B3B3067009F8887 /* TestAppQC */,
				3A8F918E0AE5721B0027DC3B /* TestApp_main.m */,
				3A4B1E440B21DD210017671F /* TestAppGL */,
				3A8F917E0AE571E30027DC3B /* TestApp */,
				3A216B040AEED2B60070394E /* TestAppFlickr */,
			);
			name = "Test apps";
			sourceTree = "<group>";
		};
		3A4B1E440B21DD210017671F /* TestAppGL */ = {
			isa = PBXGroup;
			children = (
				3A4B1E710B21DF100017671F /* TestAppGLView.h */,
				3A4B1E700B21DF100017671F /* TestAppGLView.m */,
				3A4B1E6C0B21DEEE0017671F /* TestAppGL-Info.plist */,
				3A4B1E7D0B21DF4E0017671F /* TestAppGL.nib */,
			);
			name = TestAppGL;
			sourceTree = "<group>";
		};
		3A8F917E0AE571E30027DC3B /* TestApp */ = {
			isa = PBXGroup;
			children = (
				3A8F91770AE571C40027DC3B /* TestAppController.h */,
				3A8F91780AE571C40027DC3B /* TestAppController.m */,
				3A8F91B80AE5731E0027DC3B /* TestApp-Info.plist */,
				3A8F91750AE571B30027DC3B /* TestApp.nib */,
			);
			name = TestApp;
			sourceTree = "<group>";
		};
		3AD383850B3B3067009F8887 /* TestAppQC */ = {
			isa = PBXGroup;
			children = (
				3AD383960B3B309B009F8887 /* TestAppQC-Info.plist */,
				3AD383A30B3B312B009F8887 /* TestAppQC_main.m */,
				3AD3839D0B3B30FD009F8887 /* TestAppQC.qtz */,
				3AD383BA0B3B32E5009F8887 /* TestAppQC.nib */,
			);
			name = TestAppQC;
			sourceTree = "<group>";
		};
		3AEF430B0AEA7C350062B848 /* Providers */ = {
			isa = PBXGroup;
			children = (
				3A2C3EF50AE4342700970E7C /* PFProvider.h */,
				3A2C3EF60AE4342700970E7C /* PFProvider.m */,
				3AEF42F70AEA7BB80062B848 /* PFThreadedProvider.h */,
				3AEF42F80AEA7BB80062B848 /* PFThreadedProvider.m */,
				3AFEB6B20B2306D100F3979C /* PFDiskProvider.h */,
				3AFEB6B30B2306D100F3979C /* PFDiskProvider.m */,
				3A127B550AEA7341007E60ED /* PFFlickrProvider.h */,
				3A127B560AEA7341007E60ED /* PFFlickrProvider.m */,
			);
			name = Providers;
			sourceTree = "<group>";
		};
/* End PBXGroup section */

/* Begin PBXHeadersBuildPhase section */
		8D255AC60486D3F9007BF209 /* Headers */ = {
			isa = PBXHeadersBuildPhase;
			buildActionMask = 2147483647;
			files = (
				8D255AC70486D3F9007BF209 /* prefix.pch in Headers */,
				8D255AC80486D3F9007BF209 /* PFScreenSaverView.h in Headers */,
				3A2C3EF70AE4342700970E7C /* PFProvider.h in Headers */,
				3A2C40410AE4432D00970E7C /* PFQueue.h in Headers */,
				3A8F92400AE578E70027DC3B /* PFText.h in Headers */,
				3A127B570AEA7341007E60ED /* PFFlickrProvider.h in Headers */,
				3AEF42F90AEA7BB80062B848 /* PFThreadedProvider.h in Headers */,
				CDE1F85D0AEAC93B00D865FD /* PFImage.h in Headers */,
				3A6750080AEAED7D0057912E /* PFConfigureSheetController.h in Headers */,
				3A2547C90B1493D90081E689 /* PFImage_old.h in Headers */,
				3A2547DF0B1495530081E689 /* types.h in Headers */,
				3A4B1E490B21DD420017671F /* PFGLImage.h in Headers */,
				3AFEB6B50B2306D100F3979C /* PFDiskProvider.h in Headers */,
				3A848A100B3B63FE00B65C13 /* PFRenderer.h in Headers */,
			);
			runOnlyForDeploymentPostprocessing = 0;
		};
/* End PBXHeadersBuildPhase section */

/* Begin PBXNativeTarget section */
		3A216B080AEED2E00070394E /* TestAppFlickr */ = {
			isa = PBXNativeTarget;
			buildConfigurationList = 3A216B1F0AEED2E00070394E /* Build configuration list for PBXNativeTarget "TestAppFlickr" */;
			buildPhases = (
				3A216B090AEED2E00070394E /* Resources */,
				3A216B0D0AEED2E00070394E /* Sources */,
				3A216B1A0AEED2E00070394E /* Frameworks */,
				3AFBD44E0AF2671000B626A0 /* Copy Frameworks */,
			);
			buildRules = (
			);
			dependencies = (
			);
			name = TestAppFlickr;
			productName = TestApp;
			productReference = 3A216B220AEED2E00070394E /* TestAppFlickr.app */;
			productType = "com.apple.product-type.application";
		};
		3A4B1E690B21DEEE0017671F /* TestAppGL */ = {
			isa = PBXNativeTarget;
			buildConfigurationList = 3A4B1E6D0B21DEEF0017671F /* Build configuration list for PBXNativeTarget "TestAppGL" */;
			buildPhases = (
				3A4B1E660B21DEEE0017671F /* Resources */,
				3A4B1E670B21DEEE0017671F /* Sources */,
				3A4B1E680B21DEEE0017671F /* Frameworks */,
			);
			buildRules = (
			);
			dependencies = (
			);
			name = TestAppGL;
			productName = TestAppGL;
			productReference = 3A4B1E6A0B21DEEE0017671F /* TestAppGL.app */;
			productType = "com.apple.product-type.application";
		};
		3A8F915F0AE571820027DC3B /* TestApp */ = {
			isa = PBXNativeTarget;
			buildConfigurationList = 3A8F91630AE571820027DC3B /* Build configuration list for PBXNativeTarget "TestApp" */;
			buildPhases = (
				3A8F915C0AE571820027DC3B /* Resources */,
				3A8F915D0AE571820027DC3B /* Sources */,
				3A8F915E0AE571820027DC3B /* Frameworks */,
			);
			buildRules = (
			);
			dependencies = (
			);
			name = TestApp;
			productName = TestApp;
			productReference = 3A8F91600AE571820027DC3B /* TestApp.app */;
			productType = "com.apple.product-type.application";
		};
		3AD383930B3B309B009F8887 /* TestAppQC */ = {
			isa = PBXNativeTarget;
			buildConfigurationList = 3AD383970B3B309C009F8887 /* Build configuration list for PBXNativeTarget "TestAppQC" */;
			buildPhases = (
				3AD383900B3B309B009F8887 /* Resources */,
				3AD383910B3B309B009F8887 /* Sources */,
				3AD383920B3B309B009F8887 /* Frameworks */,
			);
			buildRules = (
			);
			dependencies = (
			);
			name = TestAppQC;
			productName = TestAppQC;
			productReference = 3AD383940B3B309B009F8887 /* TestAppQC.app */;
			productType = "com.apple.product-type.application";
		};
		8D255AC50486D3F9007BF209 /* PhotoFeeder */ = {
			isa = PBXNativeTarget;
			buildConfigurationList = EF7AD72D08BB986600CE4634 /* Build configuration list for PBXNativeTarget "PhotoFeeder" */;
			buildPhases = (
				8D255AC60486D3F9007BF209 /* Headers */,
				8D255AC90486D3F9007BF209 /* Resources */,
				8D255ACB0486D3F9007BF209 /* Sources */,
				8D255ACD0486D3F9007BF209 /* Frameworks */,
				8D255AD00486D3F9007BF209 /* Rez */,
			);
			buildRules = (
			);
			dependencies = (
			);
			name = PhotoFeeder;
			productInstallPath = "$(HOME)/Library/Screen Savers";
			productName = PhotoFeeder;
			productReference = 8D255AD30486D3F9007BF209 /* PhotoFeeder.saver */;
			productType = "com.apple.product-type.bundle";
		};
/* End PBXNativeTarget section */

/* Begin PBXProject section */
		089C1669FE841209C02AAC07 /* Project object */ = {
			isa = PBXProject;
			buildConfigurationList = EF7AD73108BB986600CE4634 /* Build configuration list for PBXProject "PhotoFeeder" */;
			hasScannedForEncodings = 1;
			mainGroup = 089C166AFE841209C02AAC07 /* PhotoFeeder */;
			projectDirPath = "";
			targets = (
				8D255AC50486D3F9007BF209 /* PhotoFeeder */,
				3A8F915F0AE571820027DC3B /* TestApp */,
				3A216B080AEED2E00070394E /* TestAppFlickr */,
				3A4B1E690B21DEEE0017671F /* TestAppGL */,
				3AD383930B3B309B009F8887 /* TestAppQC */,
			);
		};
/* End PBXProject section */

/* Begin PBXResourcesBuildPhase section */
		3A216B090AEED2E00070394E /* Resources */ = {
			isa = PBXResourcesBuildPhase;
			buildActionMask = 2147483647;
			files = (
				3A216B390AEED3520070394E /* TestAppFlickr-Info.plist in Resources */,
				3A216B910AEED4CF0070394E /* TestAppFlickr.nib in Resources */,
				3AD264350B2334AB005CE2C6 /* LICENSE in Resources */,
			);
			runOnlyForDeploymentPostprocessing = 0;
		};
		3A4B1E660B21DEEE0017671F /* Resources */ = {
			isa = PBXResourcesBuildPhase;
			buildActionMask = 2147483647;
			files = (
				3A4B1E930B21DFBC0017671F /* TestAppGL-Info.plist in Resources */,
				3A4B1E820B21DF4E0017671F /* TestAppGL.nib in Resources */,
				3AD264360B2334AB005CE2C6 /* LICENSE in Resources */,
			);
			runOnlyForDeploymentPostprocessing = 0;
		};
		3A8F915C0AE571820027DC3B /* Resources */ = {
			isa = PBXResourcesBuildPhase;
			buildActionMask = 2147483647;
			files = (
				3A8F91760AE571B30027DC3B /* TestApp.nib in Resources */,
				3A8F91B90AE5731E0027DC3B /* TestApp-Info.plist in Resources */,
				3A674FC00AEAEBE50057912E /* ConfigureSheet.nib in Resources */,
				3AD264330B2334AB005CE2C6 /* LICENSE in Resources */,
				3A142A0D0B3B4F1100D7F86E /* renderer.qtz in Resources */,
			);
			runOnlyForDeploymentPostprocessing = 0;
		};
		3AD383900B3B309B009F8887 /* Resources */ = {
			isa = PBXResourcesBuildPhase;
			buildActionMask = 2147483647;
			files = (
				3AD3839E0B3B30FD009F8887 /* TestAppQC.qtz in Resources */,
				3AD383BF0B3B32E5009F8887 /* TestAppQC.nib in Resources */,
			);
			runOnlyForDeploymentPostprocessing = 0;
		};
		8D255AC90486D3F9007BF209 /* Resources */ = {
			isa = PBXResourcesBuildPhase;
			buildActionMask = 2147483647;
			files = (
				8D255ACA0486D3F9007BF209 /* InfoPlist.strings in Resources */,
				3A674FBF0AEAEBE50057912E /* ConfigureSheet.nib in Resources */,
				3AD264340B2334AB005CE2C6 /* LICENSE in Resources */,
				3A142A0E0B3B4F1100D7F86E /* renderer.qtz in Resources */,
			);
			runOnlyForDeploymentPostprocessing = 0;
		};
/* End PBXResourcesBuildPhase section */

/* Begin PBXRezBuildPhase section */
		8D255AD00486D3F9007BF209 /* Rez */ = {
			isa = PBXRezBuildPhase;
			buildActionMask = 2147483647;
			files = (
			);
			runOnlyForDeploymentPostprocessing = 0;
		};
/* End PBXRezBuildPhase section */

/* Begin PBXSourcesBuildPhase section */
		3A216B0D0AEED2E00070394E /* Sources */ = {
			isa = PBXSourcesBuildPhase;
			buildActionMask = 2147483647;
			files = (
				3A216B790AEED4430070394E /* TestApp_main.m in Sources */,
				3A216B940AEED4D60070394E /* TestAppFlickrController.m in Sources */,
				3A2547AD0B14938B0081E689 /* PFImage.m in Sources */,
				3A4B1E4A0B21DD420017671F /* PFGLImage.m in Sources */,
				3A848A130B3B63FE00B65C13 /* PFRenderer.m in Sources */,
			);
			runOnlyForDeploymentPostprocessing = 0;
		};
		3A4B1E670B21DEEE0017671F /* Sources */ = {
			isa = PBXSourcesBuildPhase;
			buildActionMask = 2147483647;
			files = (
				3A4B1EC10B21E05B0017671F /* TestApp_main.m in Sources */,
				3A4B1E920B21DFB10017671F /* PFGLImage.m in Sources */,
				3A4B1E720B21DF100017671F /* TestAppGLView.m in Sources */,
				3A848A140B3B63FE00B65C13 /* PFRenderer.m in Sources */,
			);
			runOnlyForDeploymentPostprocessing = 0;
		};
		3A8F915D0AE571820027DC3B /* Sources */ = {
			isa = PBXSourcesBuildPhase;
			buildActionMask = 2147483647;
			files = (
				3A8F91670AE571960027DC3B /* PFProvider.m in Sources */,
				3A8F91680AE571960027DC3B /* PFQueue.m in Sources */,
				3A8F91690AE571960027DC3B /* PFScreenSaverView.m in Sources */,
				3A8F91790AE571C40027DC3B /* TestAppController.m in Sources */,
				3A8F918F0AE5721B0027DC3B /* TestApp_main.m in Sources */,
				3A127B590AEA7341007E60ED /* PFFlickrProvider.m in Sources */,
				3A67500A0AEAED7D0057912E /* PFConfigureSheetController.m in Sources */,
				3AFEB6B40B2306D100F3979C /* PFDiskProvider.m in Sources */,
				3A848A0F0B3B63FE00B65C13 /* PFRenderer.m in Sources */,
			);
			runOnlyForDeploymentPostprocessing = 0;
		};
		3AD383910B3B309B009F8887 /* Sources */ = {
			isa = PBXSourcesBuildPhase;
			buildActionMask = 2147483647;
			files = (
				3AD383A40B3B312B009F8887 /* TestAppQC_main.m in Sources */,
			);
			runOnlyForDeploymentPostprocessing = 0;
		};
		8D255ACB0486D3F9007BF209 /* Sources */ = {
			isa = PBXSourcesBuildPhase;
			buildActionMask = 2147483647;
			files = (
				8D255ACC0486D3F9007BF209 /* PFScreenSaverView.m in Sources */,
				3A2C3EF80AE4342700970E7C /* PFProvider.m in Sources */,
				3A2C40400AE4432D00970E7C /* PFQueue.m in Sources */,
				3A127B580AEA7341007E60ED /* PFFlickrProvider.m in Sources */,
				3A6750090AEAED7D0057912E /* PFConfigureSheetController.m in Sources */,
				3AFEB6B60B2306D100F3979C /* PFDiskProvider.m in Sources */,
				3A848A110B3B63FE00B65C13 /* PFRenderer.m in Sources */,
			);
			runOnlyForDeploymentPostprocessing = 0;
		};
/* End PBXSourcesBuildPhase section */

/* Begin PBXVariantGroup section */
		089C167DFE841241C02AAC07 /* InfoPlist.strings */ = {
			isa = PBXVariantGroup;
			children = (
				089C167EFE841241C02AAC07 /* English */,
			);
			name = InfoPlist.strings;
			sourceTree = "<group>";
		};
/* End PBXVariantGroup section */

/* Begin XCBuildConfiguration section */
		3A216B200AEED2E00070394E /* Debug */ = {
			isa = XCBuildConfiguration;
			buildSettings = {
				COPY_PHASE_STRIP = NO;
				FRAMEWORK_SEARCH_PATHS = (
					"$(inherited)",
					"$(FRAMEWORK_SEARCH_PATHS_QUOTED_2)",
				);
				FRAMEWORK_SEARCH_PATHS_QUOTED_1 = "\"$(SRCROOT)\"";
				FRAMEWORK_SEARCH_PATHS_QUOTED_2 = "\"$(SRCROOT)/Flickr/build/Release\"";
				GCC_DYNAMIC_NO_PIC = NO;
				GCC_ENABLE_FIX_AND_CONTINUE = YES;
				GCC_ENABLE_OBJC_EXCEPTIONS = YES;
				GCC_GENERATE_DEBUGGING_SYMBOLS = YES;
				GCC_MODEL_TUNING = G5;
				GCC_OPTIMIZATION_LEVEL = 0;
				GCC_PRECOMPILE_PREFIX_HEADER = YES;
				GCC_PREFIX_HEADER = prefix.pch;
				GCC_PREPROCESSOR_DEFINITIONS = _DEBUG;
				INFOPLIST_FILE = "TestAppFlickr-Info.plist";
				INSTALL_PATH = "$(HOME)/Applications";
				OTHER_LDFLAGS = (
					"-framework",
					Foundation,
					"-framework",
					AppKit,
				);
				PREBINDING = NO;
				PRODUCT_NAME = TestAppFlickr;
				WRAPPER_EXTENSION = app;
				ZERO_LINK = YES;
			};
			name = Debug;
		};
		3A216B210AEED2E00070394E /* Release */ = {
			isa = XCBuildConfiguration;
			buildSettings = {
				COPY_PHASE_STRIP = YES;
				FRAMEWORK_SEARCH_PATHS = (
					"$(inherited)",
					"$(FRAMEWORK_SEARCH_PATHS_QUOTED_2)",
				);
				FRAMEWORK_SEARCH_PATHS_QUOTED_1 = "\"$(SRCROOT)\"";
				FRAMEWORK_SEARCH_PATHS_QUOTED_2 = "\"$(SRCROOT)/Flickr/build/Release\"";
				GCC_ENABLE_FIX_AND_CONTINUE = NO;
				GCC_ENABLE_OBJC_EXCEPTIONS = YES;
				GCC_GENERATE_DEBUGGING_SYMBOLS = NO;
				GCC_MODEL_TUNING = G5;
				GCC_PRECOMPILE_PREFIX_HEADER = YES;
				GCC_PREFIX_HEADER = prefix.pch;
				INFOPLIST_FILE = "TestAppFlickr-Info.plist";
				INSTALL_PATH = "$(HOME)/Applications";
				OTHER_LDFLAGS = (
					"-framework",
					Foundation,
					"-framework",
					AppKit,
				);
				PREBINDING = NO;
				PRODUCT_NAME = TestAppFlickr;
				WRAPPER_EXTENSION = app;
				ZERO_LINK = NO;
			};
			name = Release;
		};
		3A4B1E6E0B21DEEF0017671F /* Debug */ = {
			isa = XCBuildConfiguration;
			buildSettings = {
				COPY_PHASE_STRIP = NO;
				GCC_DYNAMIC_NO_PIC = NO;
				GCC_ENABLE_FIX_AND_CONTINUE = YES;
				GCC_GENERATE_DEBUGGING_SYMBOLS = YES;
				GCC_MODEL_TUNING = G5;
				GCC_OPTIMIZATION_LEVEL = 0;
				GCC_PRECOMPILE_PREFIX_HEADER = YES;
				GCC_PREFIX_HEADER = prefix.pch;
				GCC_PREPROCESSOR_DEFINITIONS = _DEBUG;
				INFOPLIST_FILE = "TestAppGL-Info.plist";
				INSTALL_PATH = "$(HOME)/Applications";
				OTHER_LDFLAGS = (
					"-framework",
					Foundation,
					"-framework",
					AppKit,
				);
				PREBINDING = NO;
				PRODUCT_NAME = TestAppGL;
				WRAPPER_EXTENSION = app;
				ZERO_LINK = YES;
			};
			name = Debug;
		};
		3A4B1E6F0B21DEEF0017671F /* Release */ = {
			isa = XCBuildConfiguration;
			buildSettings = {
				COPY_PHASE_STRIP = YES;
				GCC_ENABLE_FIX_AND_CONTINUE = NO;
				GCC_GENERATE_DEBUGGING_SYMBOLS = NO;
				GCC_MODEL_TUNING = G5;
				GCC_PRECOMPILE_PREFIX_HEADER = YES;
				GCC_PREFIX_HEADER = prefix.pch;
				INFOPLIST_FILE = "TestAppGL-Info.plist";
				INSTALL_PATH = "$(HOME)/Applications";
				OTHER_LDFLAGS = (
					"-framework",
					Foundation,
					"-framework",
					AppKit,
				);
				PREBINDING = NO;
				PRODUCT_NAME = TestAppGL;
				WRAPPER_EXTENSION = app;
				ZERO_LINK = NO;
			};
			name = Release;
		};
		3A8F91640AE571820027DC3B /* Debug */ = {
			isa = XCBuildConfiguration;
			buildSettings = {
				ARCHS = "$(NATIVE_ARCH)";
				COPY_PHASE_STRIP = NO;
				FRAMEWORK_SEARCH_PATHS = (
					"$(inherited)",
					"$(FRAMEWORK_SEARCH_PATHS_QUOTED_2)",
				);
				FRAMEWORK_SEARCH_PATHS_QUOTED_1 = "\"$(SRCROOT)/objectiveflickr/build/Release\"";
				FRAMEWORK_SEARCH_PATHS_QUOTED_2 = "\"$(SRCROOT)/Flickr/build/Release\"";
				GCC_DYNAMIC_NO_PIC = NO;
				GCC_ENABLE_FIX_AND_CONTINUE = YES;
				GCC_ENABLE_OBJC_EXCEPTIONS = YES;
				GCC_ENABLE_SSE3_EXTENSIONS = YES;
				GCC_FAST_OBJC_DISPATCH = YES;
				GCC_GENERATE_DEBUGGING_SYMBOLS = YES;
				GCC_MODEL_TUNING = G5;
				GCC_OPTIMIZATION_LEVEL = 0;
				GCC_PRECOMPILE_PREFIX_HEADER = YES;
				GCC_PREFIX_HEADER = prefix.pch;
				GCC_PREPROCESSOR_DEFINITIONS = _DEBUG;
				INFOPLIST_FILE = "TestApp-Info.plist";
				INSTALL_PATH = "$(HOME)/Applications";
				OTHER_LDFLAGS = (
					"-framework",
					Foundation,
					"-framework",
					AppKit,
				);
				PREBINDING = NO;
				PRODUCT_NAME = TestApp;
				WRAPPER_EXTENSION = app;
				ZERO_LINK = YES;
			};
			name = Debug;
		};
		3A8F91650AE571820027DC3B /* Release */ = {
			isa = XCBuildConfiguration;
			buildSettings = {
				COPY_PHASE_STRIP = YES;
				FRAMEWORK_SEARCH_PATHS = (
					"$(inherited)",
					"$(FRAMEWORK_SEARCH_PATHS_QUOTED_2)",
				);
				FRAMEWORK_SEARCH_PATHS_QUOTED_1 = "\"$(SRCROOT)/objectiveflickr/build/Release\"";
				FRAMEWORK_SEARCH_PATHS_QUOTED_2 = "\"$(SRCROOT)/Flickr/build/Release\"";
				GCC_ENABLE_FIX_AND_CONTINUE = NO;
				GCC_ENABLE_OBJC_EXCEPTIONS = YES;
				GCC_ENABLE_SSE3_EXTENSIONS = YES;
				GCC_FAST_OBJC_DISPATCH = YES;
				GCC_GENERATE_DEBUGGING_SYMBOLS = NO;
				GCC_MODEL_TUNING = G5;
				GCC_PRECOMPILE_PREFIX_HEADER = YES;
				GCC_PREFIX_HEADER = prefix.pch;
				INFOPLIST_FILE = "TestApp-Info.plist";
				INSTALL_PATH = "$(HOME)/Applications";
				OTHER_LDFLAGS = (
					"-framework",
					Foundation,
					"-framework",
					AppKit,
				);
				PREBINDING = NO;
				PRODUCT_NAME = TestApp;
				WRAPPER_EXTENSION = app;
				ZERO_LINK = NO;
			};
			name = Release;
		};
		3AD383980B3B309C009F8887 /* Debug */ = {
			isa = XCBuildConfiguration;
			buildSettings = {
				COPY_PHASE_STRIP = NO;
				GCC_DYNAMIC_NO_PIC = NO;
				GCC_ENABLE_FIX_AND_CONTINUE = YES;
				GCC_GENERATE_DEBUGGING_SYMBOLS = YES;
				GCC_MODEL_TUNING = G5;
				GCC_OPTIMIZATION_LEVEL = 0;
				GCC_PRECOMPILE_PREFIX_HEADER = YES;
				GCC_PREFIX_HEADER = "$(SYSTEM_LIBRARY_DIR)/Frameworks/AppKit.framework/Headers/AppKit.h";
				INFOPLIST_FILE = "TestAppQC-Info.plist";
				INSTALL_PATH = "$(HOME)/Applications";
				OTHER_LDFLAGS = (
					"-framework",
					Foundation,
					"-framework",
					AppKit,
				);
				PREBINDING = NO;
				PRODUCT_NAME = TestAppQC;
				WRAPPER_EXTENSION = app;
				ZERO_LINK = YES;
			};
			name = Debug;
		};
		3AD383990B3B309C009F8887 /* Release */ = {
			isa = XCBuildConfiguration;
			buildSettings = {
				COPY_PHASE_STRIP = YES;
				GCC_ENABLE_FIX_AND_CONTINUE = NO;
				GCC_GENERATE_DEBUGGING_SYMBOLS = NO;
				GCC_MODEL_TUNING = G5;
				GCC_PRECOMPILE_PREFIX_HEADER = YES;
				GCC_PREFIX_HEADER = "$(SYSTEM_LIBRARY_DIR)/Frameworks/AppKit.framework/Headers/AppKit.h";
				INFOPLIST_FILE = "TestAppQC-Info.plist";
				INSTALL_PATH = "$(HOME)/Applications";
				OTHER_LDFLAGS = (
					"-framework",
					Foundation,
					"-framework",
					AppKit,
				);
				PREBINDING = NO;
				PRODUCT_NAME = TestAppQC;
				WRAPPER_EXTENSION = app;
				ZERO_LINK = NO;
			};
			name = Release;
		};
		EF7AD72E08BB986600CE4634 /* Debug */ = {
			isa = XCBuildConfiguration;
			buildSettings = {
				COPY_PHASE_STRIP = NO;
				FRAMEWORK_SEARCH_PATHS = "$(inherited)";
				GCC_DYNAMIC_NO_PIC = NO;
				GCC_ENABLE_FIX_AND_CONTINUE = YES;
				GCC_ENABLE_OBJC_EXCEPTIONS = YES;
				GCC_ENABLE_SSE3_EXTENSIONS = YES;
				GCC_FAST_OBJC_DISPATCH = YES;
				GCC_MODEL_TUNING = G5;
				GCC_OPTIMIZATION_LEVEL = 0;
				GCC_PRECOMPILE_PREFIX_HEADER = YES;
				GCC_PREFIX_HEADER = prefix.pch;
				GCC_PREPROCESSOR_DEFINITIONS = _DEBUG;
				INFOPLIST_FILE = Info.plist;
				INSTALL_PATH = "$(HOME)/Library/Screen Savers";
				PRODUCT_NAME = PhotoFeeder;
				WRAPPER_EXTENSION = saver;
				ZERO_LINK = YES;
			};
			name = Debug;
		};
		EF7AD72F08BB986600CE4634 /* Release */ = {
			isa = XCBuildConfiguration;
			buildSettings = {
				ARCHS = (
					ppc,
					i386,
				);
				FRAMEWORK_SEARCH_PATHS = "$(inherited)";
				GCC_ENABLE_OBJC_EXCEPTIONS = YES;
				GCC_ENABLE_SSE3_EXTENSIONS = YES;
				GCC_FAST_OBJC_DISPATCH = YES;
				GCC_GENERATE_DEBUGGING_SYMBOLS = NO;
				GCC_MODEL_TUNING = G5;
				GCC_PRECOMPILE_PREFIX_HEADER = YES;
				GCC_PREFIX_HEADER = prefix.pch;
				INFOPLIST_FILE = Info.plist;
				INSTALL_PATH = "$(HOME)/Library/Screen Savers";
				PRODUCT_NAME = PhotoFeeder;
				WRAPPER_EXTENSION = saver;
			};
			name = Release;
		};
		EF7AD73208BB986600CE4634 /* Debug */ = {
			isa = XCBuildConfiguration;
			buildSettings = {
				GCC_WARN_ABOUT_RETURN_TYPE = YES;
				GCC_WARN_UNUSED_VARIABLE = YES;
				PREBINDING = NO;
				SDKROOT = /Developer/SDKs/MacOSX10.4u.sdk;
			};
			name = Debug;
		};
		EF7AD73308BB986600CE4634 /* Release */ = {
			isa = XCBuildConfiguration;
			buildSettings = {
				GCC_WARN_ABOUT_RETURN_TYPE = YES;
				GCC_WARN_UNUSED_VARIABLE = YES;
				PREBINDING = NO;
				SDKROOT = /Developer/SDKs/MacOSX10.4u.sdk;
			};
			name = Release;
		};
/* End XCBuildConfiguration section */

/* Begin XCConfigurationList section */
		3A216B1F0AEED2E00070394E /* Build configuration list for PBXNativeTarget "TestAppFlickr" */ = {
			isa = XCConfigurationList;
			buildConfigurations = (
				3A216B200AEED2E00070394E /* Debug */,
				3A216B210AEED2E00070394E /* Release */,
			);
			defaultConfigurationIsVisible = 0;
			defaultConfigurationName = Release;
		};
		3A4B1E6D0B21DEEF0017671F /* Build configuration list for PBXNativeTarget "TestAppGL" */ = {
			isa = XCConfigurationList;
			buildConfigurations = (
				3A4B1E6E0B21DEEF0017671F /* Debug */,
				3A4B1E6F0B21DEEF0017671F /* Release */,
			);
			defaultConfigurationIsVisible = 0;
			defaultConfigurationName = Release;
		};
		3A8F91630AE571820027DC3B /* Build configuration list for PBXNativeTarget "TestApp" */ = {
			isa = XCConfigurationList;
			buildConfigurations = (
				3A8F91640AE571820027DC3B /* Debug */,
				3A8F91650AE571820027DC3B /* Release */,
			);
			defaultConfigurationIsVisible = 0;
			defaultConfigurationName = Release;
		};
		3AD383970B3B309C009F8887 /* Build configuration list for PBXNativeTarget "TestAppQC" */ = {
			isa = XCConfigurationList;
			buildConfigurations = (
				3AD383980B3B309C009F8887 /* Debug */,
				3AD383990B3B309C009F8887 /* Release */,
			);
			defaultConfigurationIsVisible = 0;
			defaultConfigurationName = Release;
		};
		EF7AD72D08BB986600CE4634 /* Build configuration list for PBXNativeTarget "PhotoFeeder" */ = {
			isa = XCConfigurationList;
			buildConfigurations = (
				EF7AD72E08BB986600CE4634 /* Debug */,
				EF7AD72F08BB986600CE4634 /* Release */,
			);
			defaultConfigurationIsVisible = 0;
			defaultConfigurationName = Release;
		};
		EF7AD73108BB986600CE4634 /* Build configuration list for PBXProject "PhotoFeeder" */ = {
			isa = XCConfigurationList;
			buildConfigurations = (
				EF7AD73208BB986600CE4634 /* Debug */,
				EF7AD73308BB986600CE4634 /* Release */,
			);
			defaultConfigurationIsVisible = 0;
			defaultConfigurationName = Release;
		};
/* End XCConfigurationList section */
	};
	rootObject = 089C1669FE841209C02AAC07 /* Project object */;
}
